// !$*UTF8*$!
{
	archiveVersion = 1;
	classes = {
	};
	objectVersion = 55;
	objects = {

/* Begin PBXBuildFile section */
		D20656B1283DCA2200048B17 /* ui.m in Sources */ = {isa = PBXBuildFile; fileRef = D20656B0283DCA2200048B17 /* ui.m */; };
		D20656B2283DCA2200048B17 /* ui.h in CopyFiles */ = {isa = PBXBuildFile; fileRef = D20656AF283DCA2200048B17 /* ui.h */; };
		D21A0FF5287738ED00AB7EF8 /* ns.m in Sources */ = {isa = PBXBuildFile; fileRef = D21A0FF4287738ED00AB7EF8 /* ns.m */; };
		D21A0FF6287738ED00AB7EF8 /* ns.h in CopyFiles */ = {isa = PBXBuildFile; fileRef = D21A0FF3287738ED00AB7EF8 /* ns.h */; };
		D2520D00280BFC4A00FD6562 /* sc.m in Sources */ = {isa = PBXBuildFile; fileRef = D2520CFF280BFC4A00FD6562 /* sc.m */; };
		D2520D01280BFC4A00FD6562 /* sc.h in CopyFiles */ = {isa = PBXBuildFile; fileRef = D2520CFE280BFC4A00FD6562 /* sc.h */; };
		D264D2A228F7E7CF002B1B14 /* vn.m in Sources */ = {isa = PBXBuildFile; fileRef = D264D2A128F7E7CF002B1B14 /* vn.m */; };
		D264D2A328F7E7CF002B1B14 /* vn.h in CopyFiles */ = {isa = PBXBuildFile; fileRef = D264D2A028F7E7CF002B1B14 /* vn.h */; };
		D273EB56281C3D160032B428 /* common.m in Sources */ = {isa = PBXBuildFile; fileRef = D273EB55281C3D160032B428 /* common.m */; };
		D273EB57281C3D160032B428 /* common.h in CopyFiles */ = {isa = PBXBuildFile; fileRef = D273EB54281C3D160032B428 /* common.h */; };
		D2A5293D283A1F5800E7B4C6 /* ca.m in Sources */ = {isa = PBXBuildFile; fileRef = D2A5293C283A1F5800E7B4C6 /* ca.m */; };
		D2A5293E283A1F5800E7B4C6 /* ca.h in CopyFiles */ = {isa = PBXBuildFile; fileRef = D2A5293B283A1F5800E7B4C6 /* ca.h */; };
		D2A5294A283A1F6A00E7B4C6 /* ci.m in Sources */ = {isa = PBXBuildFile; fileRef = D2A52949283A1F6A00E7B4C6 /* ci.m */; };
		D2A5294B283A1F6A00E7B4C6 /* ci.h in CopyFiles */ = {isa = PBXBuildFile; fileRef = D2A52948283A1F6A00E7B4C6 /* ci.h */; };
		D2FA4ADF2820227B001E2A51 /* av.m in Sources */ = {isa = PBXBuildFile; fileRef = D2FA4ADE2820227B001E2A51 /* av.m */; };
		D2FA4AE02820227B001E2A51 /* av.h in CopyFiles */ = {isa = PBXBuildFile; fileRef = D2FA4ADD2820227B001E2A51 /* av.h */; };
		D2FBEBFC27CB653200FD974A /* mtl.m in Sources */ = {isa = PBXBuildFile; fileRef = D2FBEBFB27CB653200FD974A /* mtl.m */; };
		D2FBEBFD27CB653200FD974A /* mtl.h in CopyFiles */ = {isa = PBXBuildFile; fileRef = D2FBEBFA27CB653200FD974A /* mtl.h */; };
/* End PBXBuildFile section */

/* Begin PBXCopyFilesBuildPhase section */
		D20656AB283DCA2200048B17 /* CopyFiles */ = {
			isa = PBXCopyFilesBuildPhase;
			buildActionMask = 2147483647;
			dstPath = "include/$(PRODUCT_NAME)";
			dstSubfolderSpec = 16;
			files = (
				D20656B2283DCA2200048B17 /* ui.h in CopyFiles */,
			);
			runOnlyForDeploymentPostprocessing = 0;
		};
		D21A0FEF287738ED00AB7EF8 /* CopyFiles */ = {
			isa = PBXCopyFilesBuildPhase;
			buildActionMask = 2147483647;
			dstPath = "include/$(PRODUCT_NAME)";
			dstSubfolderSpec = 16;
			files = (
				D21A0FF6287738ED00AB7EF8 /* ns.h in CopyFiles */,
			);
			runOnlyForDeploymentPostprocessing = 0;
		};
		D2520CFA280BFC4A00FD6562 /* CopyFiles */ = {
			isa = PBXCopyFilesBuildPhase;
			buildActionMask = 2147483647;
			dstPath = "include/$(PRODUCT_NAME)";
			dstSubfolderSpec = 16;
			files = (
				D2520D01280BFC4A00FD6562 /* sc.h in CopyFiles */,
			);
			runOnlyForDeploymentPostprocessing = 0;
		};
		D264D29C28F7E7CF002B1B14 /* CopyFiles */ = {
			isa = PBXCopyFilesBuildPhase;
			buildActionMask = 2147483647;
			dstPath = "include/$(PRODUCT_NAME)";
			dstSubfolderSpec = 16;
			files = (
				D264D2A328F7E7CF002B1B14 /* vn.h in CopyFiles */,
			);
			runOnlyForDeploymentPostprocessing = 0;
		};
		D273EB50281C3D160032B428 /* CopyFiles */ = {
			isa = PBXCopyFilesBuildPhase;
			buildActionMask = 2147483647;
			dstPath = "include/$(PRODUCT_NAME)";
			dstSubfolderSpec = 16;
			files = (
				D273EB57281C3D160032B428 /* common.h in CopyFiles */,
			);
			runOnlyForDeploymentPostprocessing = 0;
		};
		D2A52937283A1F5800E7B4C6 /* CopyFiles */ = {
			isa = PBXCopyFilesBuildPhase;
			buildActionMask = 2147483647;
			dstPath = "include/$(PRODUCT_NAME)";
			dstSubfolderSpec = 16;
			files = (
				D2A5293E283A1F5800E7B4C6 /* ca.h in CopyFiles */,
			);
			runOnlyForDeploymentPostprocessing = 0;
		};
		D2A52944283A1F6A00E7B4C6 /* CopyFiles */ = {
			isa = PBXCopyFilesBuildPhase;
			buildActionMask = 2147483647;
			dstPath = "include/$(PRODUCT_NAME)";
			dstSubfolderSpec = 16;
			files = (
				D2A5294B283A1F6A00E7B4C6 /* ci.h in CopyFiles */,
			);
			runOnlyForDeploymentPostprocessing = 0;
		};
		D2FA4AD92820227B001E2A51 /* CopyFiles */ = {
			isa = PBXCopyFilesBuildPhase;
			buildActionMask = 2147483647;
			dstPath = "include/$(PRODUCT_NAME)";
			dstSubfolderSpec = 16;
			files = (
				D2FA4AE02820227B001E2A51 /* av.h in CopyFiles */,
			);
			runOnlyForDeploymentPostprocessing = 0;
		};
		D2FBEBF527CB653200FD974A /* CopyFiles */ = {
			isa = PBXCopyFilesBuildPhase;
			buildActionMask = 2147483647;
			dstPath = "include/$(PRODUCT_NAME)";
			dstSubfolderSpec = 16;
			files = (
				D2FBEBFD27CB653200FD974A /* mtl.h in CopyFiles */,
			);
			runOnlyForDeploymentPostprocessing = 0;
		};
/* End PBXCopyFilesBuildPhase section */

/* Begin PBXFileReference section */
		D20656AD283DCA2200048B17 /* libui.a */ = {isa = PBXFileReference; explicitFileType = archive.ar; includeInIndex = 0; path = libui.a; sourceTree = BUILT_PRODUCTS_DIR; };
		D20656AF283DCA2200048B17 /* ui.h */ = {isa = PBXFileReference; lastKnownFileType = sourcecode.c.h; path = ui.h; sourceTree = "<group>"; };
		D20656B0283DCA2200048B17 /* ui.m */ = {isa = PBXFileReference; lastKnownFileType = sourcecode.c.objc; path = ui.m; sourceTree = "<group>"; };
		D21A0FF1287738ED00AB7EF8 /* libns.a */ = {isa = PBXFileReference; explicitFileType = archive.ar; includeInIndex = 0; path = libns.a; sourceTree = BUILT_PRODUCTS_DIR; };
		D21A0FF3287738ED00AB7EF8 /* ns.h */ = {isa = PBXFileReference; lastKnownFileType = sourcecode.c.h; path = ns.h; sourceTree = "<group>"; };
		D21A0FF4287738ED00AB7EF8 /* ns.m */ = {isa = PBXFileReference; lastKnownFileType = sourcecode.c.objc; path = ns.m; sourceTree = "<group>"; };
		D2520CFC280BFC4A00FD6562 /* libsc.a */ = {isa = PBXFileReference; explicitFileType = archive.ar; includeInIndex = 0; path = libsc.a; sourceTree = BUILT_PRODUCTS_DIR; };
		D2520CFE280BFC4A00FD6562 /* sc.h */ = {isa = PBXFileReference; lastKnownFileType = sourcecode.c.h; path = sc.h; sourceTree = "<group>"; };
		D2520CFF280BFC4A00FD6562 /* sc.m */ = {isa = PBXFileReference; lastKnownFileType = sourcecode.c.objc; path = sc.m; sourceTree = "<group>"; };
		D2520D05280C502500FD6562 /* macro.h */ = {isa = PBXFileReference; lastKnownFileType = sourcecode.c.h; path = macro.h; sourceTree = "<group>"; };
		D264D29E28F7E7CF002B1B14 /* libvn.a */ = {isa = PBXFileReference; explicitFileType = archive.ar; includeInIndex = 0; path = libvn.a; sourceTree = BUILT_PRODUCTS_DIR; };
		D264D2A028F7E7CF002B1B14 /* vn.h */ = {isa = PBXFileReference; lastKnownFileType = sourcecode.c.h; path = vn.h; sourceTree = "<group>"; };
		D264D2A128F7E7CF002B1B14 /* vn.m */ = {isa = PBXFileReference; lastKnownFileType = sourcecode.c.objc; path = vn.m; sourceTree = "<group>"; };
		D273EB52281C3D160032B428 /* libcommon.a */ = {isa = PBXFileReference; explicitFileType = archive.ar; includeInIndex = 0; path = libcommon.a; sourceTree = BUILT_PRODUCTS_DIR; };
		D273EB54281C3D160032B428 /* common.h */ = {isa = PBXFileReference; lastKnownFileType = sourcecode.c.h; path = common.h; sourceTree = "<group>"; };
		D273EB55281C3D160032B428 /* common.m */ = {isa = PBXFileReference; lastKnownFileType = sourcecode.c.objc; path = common.m; sourceTree = "<group>"; };
		D2A52939283A1F5800E7B4C6 /* libca.a */ = {isa = PBXFileReference; explicitFileType = archive.ar; includeInIndex = 0; path = libca.a; sourceTree = BUILT_PRODUCTS_DIR; };
		D2A5293B283A1F5800E7B4C6 /* ca.h */ = {isa = PBXFileReference; lastKnownFileType = sourcecode.c.h; path = ca.h; sourceTree = "<group>"; };
		D2A5293C283A1F5800E7B4C6 /* ca.m */ = {isa = PBXFileReference; lastKnownFileType = sourcecode.c.objc; path = ca.m; sourceTree = "<group>"; };
		D2A52946283A1F6A00E7B4C6 /* libci.a */ = {isa = PBXFileReference; explicitFileType = archive.ar; includeInIndex = 0; path = libci.a; sourceTree = BUILT_PRODUCTS_DIR; };
		D2A52948283A1F6A00E7B4C6 /* ci.h */ = {isa = PBXFileReference; lastKnownFileType = sourcecode.c.h; path = ci.h; sourceTree = "<group>"; };
		D2A52949283A1F6A00E7B4C6 /* ci.m */ = {isa = PBXFileReference; lastKnownFileType = sourcecode.c.objc; path = ci.m; sourceTree = "<group>"; };
		D2A52950283A26B800E7B4C6 /* QuartzCore.framework */ = {isa = PBXFileReference; lastKnownFileType = wrapper.framework; name = QuartzCore.framework; path = System/Library/Frameworks/QuartzCore.framework; sourceTree = SDKROOT; };
		D2FA4ADB2820227B001E2A51 /* libav.a */ = {isa = PBXFileReference; explicitFileType = archive.ar; includeInIndex = 0; path = libav.a; sourceTree = BUILT_PRODUCTS_DIR; };
		D2FA4ADD2820227B001E2A51 /* av.h */ = {isa = PBXFileReference; lastKnownFileType = sourcecode.c.h; path = av.h; sourceTree = "<group>"; };
		D2FA4ADE2820227B001E2A51 /* av.m */ = {isa = PBXFileReference; lastKnownFileType = sourcecode.c.objc; path = av.m; sourceTree = "<group>"; };
		D2FBEBF727CB653200FD974A /* libmtl.a */ = {isa = PBXFileReference; explicitFileType = archive.ar; includeInIndex = 0; path = libmtl.a; sourceTree = BUILT_PRODUCTS_DIR; };
		D2FBEBFA27CB653200FD974A /* mtl.h */ = {isa = PBXFileReference; lastKnownFileType = sourcecode.c.h; path = mtl.h; sourceTree = "<group>"; };
		D2FBEBFB27CB653200FD974A /* mtl.m */ = {isa = PBXFileReference; lastKnownFileType = sourcecode.c.objc; path = mtl.m; sourceTree = "<group>"; };
/* End PBXFileReference section */

/* Begin PBXFrameworksBuildPhase section */
		D20656AA283DCA2200048B17 /* Frameworks */ = {
			isa = PBXFrameworksBuildPhase;
			buildActionMask = 2147483647;
			files = (
			);
			runOnlyForDeploymentPostprocessing = 0;
		};
		D21A0FEE287738ED00AB7EF8 /* Frameworks */ = {
			isa = PBXFrameworksBuildPhase;
			buildActionMask = 2147483647;
			files = (
			);
			runOnlyForDeploymentPostprocessing = 0;
		};
		D2520CF9280BFC4A00FD6562 /* Frameworks */ = {
			isa = PBXFrameworksBuildPhase;
			buildActionMask = 2147483647;
			files = (
			);
			runOnlyForDeploymentPostprocessing = 0;
		};
		D264D29B28F7E7CF002B1B14 /* Frameworks */ = {
			isa = PBXFrameworksBuildPhase;
			buildActionMask = 2147483647;
			files = (
			);
			runOnlyForDeploymentPostprocessing = 0;
		};
		D273EB4F281C3D160032B428 /* Frameworks */ = {
			isa = PBXFrameworksBuildPhase;
			buildActionMask = 2147483647;
			files = (
			);
			runOnlyForDeploymentPostprocessing = 0;
		};
		D2A52936283A1F5800E7B4C6 /* Frameworks */ = {
			isa = PBXFrameworksBuildPhase;
			buildActionMask = 2147483647;
			files = (
			);
			runOnlyForDeploymentPostprocessing = 0;
		};
		D2A52943283A1F6A00E7B4C6 /* Frameworks */ = {
			isa = PBXFrameworksBuildPhase;
			buildActionMask = 2147483647;
			files = (
			);
			runOnlyForDeploymentPostprocessing = 0;
		};
		D2FA4AD82820227B001E2A51 /* Frameworks */ = {
			isa = PBXFrameworksBuildPhase;
			buildActionMask = 2147483647;
			files = (
			);
			runOnlyForDeploymentPostprocessing = 0;
		};
		D2FBEBF427CB653200FD974A /* Frameworks */ = {
			isa = PBXFrameworksBuildPhase;
			buildActionMask = 2147483647;
			files = (
			);
			runOnlyForDeploymentPostprocessing = 0;
		};
/* End PBXFrameworksBuildPhase section */

/* Begin PBXGroup section */
		D20656AE283DCA2200048B17 /* ui */ = {
			isa = PBXGroup;
			children = (
				D20656AF283DCA2200048B17 /* ui.h */,
				D20656B0283DCA2200048B17 /* ui.m */,
			);
			path = ui;
			sourceTree = "<group>";
		};
		D21A0FF2287738ED00AB7EF8 /* ns */ = {
			isa = PBXGroup;
			children = (
				D21A0FF3287738ED00AB7EF8 /* ns.h */,
				D21A0FF4287738ED00AB7EF8 /* ns.m */,
			);
			path = ns;
			sourceTree = "<group>";
		};
		D2520CFD280BFC4A00FD6562 /* sc */ = {
			isa = PBXGroup;
			children = (
				D2520CFE280BFC4A00FD6562 /* sc.h */,
				D2520CFF280BFC4A00FD6562 /* sc.m */,
			);
			path = sc;
			sourceTree = "<group>";
		};
		D264D29F28F7E7CF002B1B14 /* vn */ = {
			isa = PBXGroup;
			children = (
				D264D2A028F7E7CF002B1B14 /* vn.h */,
				D264D2A128F7E7CF002B1B14 /* vn.m */,
			);
			path = vn;
			sourceTree = "<group>";
		};
		D273EB53281C3D160032B428 /* common */ = {
			isa = PBXGroup;
			children = (
				D273EB54281C3D160032B428 /* common.h */,
				D273EB55281C3D160032B428 /* common.m */,
			);
			path = common;
			sourceTree = "<group>";
		};
		D2A5293A283A1F5800E7B4C6 /* ca */ = {
			isa = PBXGroup;
			children = (
				D2A5293B283A1F5800E7B4C6 /* ca.h */,
				D2A5293C283A1F5800E7B4C6 /* ca.m */,
			);
			path = ca;
			sourceTree = "<group>";
		};
		D2A52947283A1F6A00E7B4C6 /* ci */ = {
			isa = PBXGroup;
			children = (
				D2A52948283A1F6A00E7B4C6 /* ci.h */,
				D2A52949283A1F6A00E7B4C6 /* ci.m */,
			);
			path = ci;
			sourceTree = "<group>";
		};
		D2A5294F283A26B800E7B4C6 /* Frameworks */ = {
			isa = PBXGroup;
			children = (
				D2A52950283A26B800E7B4C6 /* QuartzCore.framework */,
			);
			name = Frameworks;
			sourceTree = "<group>";
		};
		D2FA4ADC2820227B001E2A51 /* av */ = {
			isa = PBXGroup;
			children = (
				D2FA4ADD2820227B001E2A51 /* av.h */,
				D2FA4ADE2820227B001E2A51 /* av.m */,
			);
			path = av;
			sourceTree = "<group>";
		};
		D2FBEBEE27CB653200FD974A = {
			isa = PBXGroup;
			children = (
				D2520D05280C502500FD6562 /* macro.h */,
				D2FBEBF927CB653200FD974A /* mtl */,
				D2520CFD280BFC4A00FD6562 /* sc */,
				D273EB53281C3D160032B428 /* common */,
				D2FA4ADC2820227B001E2A51 /* av */,
				D2A5293A283A1F5800E7B4C6 /* ca */,
				D2A52947283A1F6A00E7B4C6 /* ci */,
				D20656AE283DCA2200048B17 /* ui */,
				D21A0FF2287738ED00AB7EF8 /* ns */,
				D264D29F28F7E7CF002B1B14 /* vn */,
				D2FBEBF827CB653200FD974A /* Products */,
				D2A5294F283A26B800E7B4C6 /* Frameworks */,
			);
			sourceTree = "<group>";
		};
		D2FBEBF827CB653200FD974A /* Products */ = {
			isa = PBXGroup;
			children = (
				D2FBEBF727CB653200FD974A /* libmtl.a */,
				D2520CFC280BFC4A00FD6562 /* libsc.a */,
				D273EB52281C3D160032B428 /* libcommon.a */,
				D2FA4ADB2820227B001E2A51 /* libav.a */,
				D2A52939283A1F5800E7B4C6 /* libca.a */,
				D2A52946283A1F6A00E7B4C6 /* libci.a */,
				D20656AD283DCA2200048B17 /* libui.a */,
				D21A0FF1287738ED00AB7EF8 /* libns.a */,
				D264D29E28F7E7CF002B1B14 /* libvn.a */,
			);
			name = Products;
			sourceTree = "<group>";
		};
		D2FBEBF927CB653200FD974A /* mtl */ = {
			isa = PBXGroup;
			children = (
				D2FBEBFA27CB653200FD974A /* mtl.h */,
				D2FBEBFB27CB653200FD974A /* mtl.m */,
			);
			path = mtl;
			sourceTree = "<group>";
		};
/* End PBXGroup section */

/* Begin PBXNativeTarget section */
		D20656AC283DCA2200048B17 /* ui */ = {
			isa = PBXNativeTarget;
			buildConfigurationList = D20656B5283DCA2200048B17 /* Build configuration list for PBXNativeTarget "ui" */;
			buildPhases = (
				D20656A9283DCA2200048B17 /* Sources */,
				D20656AA283DCA2200048B17 /* Frameworks */,
				D20656AB283DCA2200048B17 /* CopyFiles */,
			);
			buildRules = (
			);
			dependencies = (
			);
			name = ui;
			productName = ui;
			productReference = D20656AD283DCA2200048B17 /* libui.a */;
			productType = "com.apple.product-type.library.static";
		};
		D21A0FF0287738ED00AB7EF8 /* ns */ = {
			isa = PBXNativeTarget;
			buildConfigurationList = D21A0FF9287738ED00AB7EF8 /* Build configuration list for PBXNativeTarget "ns" */;
			buildPhases = (
				D21A0FED287738ED00AB7EF8 /* Sources */,
				D21A0FEE287738ED00AB7EF8 /* Frameworks */,
				D21A0FEF287738ED00AB7EF8 /* CopyFiles */,
			);
			buildRules = (
			);
			dependencies = (
			);
			name = ns;
			productName = ns;
			productReference = D21A0FF1287738ED00AB7EF8 /* libns.a */;
			productType = "com.apple.product-type.library.static";
		};
		D2520CFB280BFC4A00FD6562 /* sc */ = {
			isa = PBXNativeTarget;
			buildConfigurationList = D2520D04280BFC4A00FD6562 /* Build configuration list for PBXNativeTarget "sc" */;
			buildPhases = (
				D2520CF8280BFC4A00FD6562 /* Sources */,
				D2520CF9280BFC4A00FD6562 /* Frameworks */,
				D2520CFA280BFC4A00FD6562 /* CopyFiles */,
			);
			buildRules = (
			);
			dependencies = (
			);
			name = sc;
			productName = sc;
			productReference = D2520CFC280BFC4A00FD6562 /* libsc.a */;
			productType = "com.apple.product-type.library.static";
		};
		D264D29D28F7E7CF002B1B14 /* vn */ = {
			isa = PBXNativeTarget;
			buildConfigurationList = D264D2A428F7E7CF002B1B14 /* Build configuration list for PBXNativeTarget "vn" */;
			buildPhases = (
				D264D29A28F7E7CF002B1B14 /* Sources */,
				D264D29B28F7E7CF002B1B14 /* Frameworks */,
				D264D29C28F7E7CF002B1B14 /* CopyFiles */,
			);
			buildRules = (
			);
			dependencies = (
			);
			name = vn;
			productName = vn;
			productReference = D264D29E28F7E7CF002B1B14 /* libvn.a */;
			productType = "com.apple.product-type.library.static";
		};
		D273EB51281C3D160032B428 /* common */ = {
			isa = PBXNativeTarget;
			buildConfigurationList = D273EB5A281C3D160032B428 /* Build configuration list for PBXNativeTarget "common" */;
			buildPhases = (
				D273EB4E281C3D160032B428 /* Sources */,
				D273EB4F281C3D160032B428 /* Frameworks */,
				D273EB50281C3D160032B428 /* CopyFiles */,
			);
			buildRules = (
			);
			dependencies = (
			);
			name = common;
			productName = common;
			productReference = D273EB52281C3D160032B428 /* libcommon.a */;
			productType = "com.apple.product-type.library.static";
		};
		D2A52938283A1F5800E7B4C6 /* ca */ = {
			isa = PBXNativeTarget;
			buildConfigurationList = D2A52941283A1F5800E7B4C6 /* Build configuration list for PBXNativeTarget "ca" */;
			buildPhases = (
				D2A52935283A1F5800E7B4C6 /* Sources */,
				D2A52936283A1F5800E7B4C6 /* Frameworks */,
				D2A52937283A1F5800E7B4C6 /* CopyFiles */,
			);
			buildRules = (
			);
			dependencies = (
			);
			name = ca;
			productName = ca;
			productReference = D2A52939283A1F5800E7B4C6 /* libca.a */;
			productType = "com.apple.product-type.library.static";
		};
		D2A52945283A1F6A00E7B4C6 /* ci */ = {
			isa = PBXNativeTarget;
			buildConfigurationList = D2A5294C283A1F6A00E7B4C6 /* Build configuration list for PBXNativeTarget "ci" */;
			buildPhases = (
				D2A52942283A1F6A00E7B4C6 /* Sources */,
				D2A52943283A1F6A00E7B4C6 /* Frameworks */,
				D2A52944283A1F6A00E7B4C6 /* CopyFiles */,
			);
			buildRules = (
			);
			dependencies = (
			);
			name = ci;
			productName = ci;
			productReference = D2A52946283A1F6A00E7B4C6 /* libci.a */;
			productType = "com.apple.product-type.library.static";
		};
		D2FA4ADA2820227B001E2A51 /* av */ = {
			isa = PBXNativeTarget;
			buildConfigurationList = D2FA4AE32820227B001E2A51 /* Build configuration list for PBXNativeTarget "av" */;
			buildPhases = (
				D2FA4AD72820227B001E2A51 /* Sources */,
				D2FA4AD82820227B001E2A51 /* Frameworks */,
				D2FA4AD92820227B001E2A51 /* CopyFiles */,
			);
			buildRules = (
			);
			dependencies = (
			);
			name = av;
			productName = av;
			productReference = D2FA4ADB2820227B001E2A51 /* libav.a */;
			productType = "com.apple.product-type.library.static";
		};
		D2FBEBF627CB653200FD974A /* mtl */ = {
			isa = PBXNativeTarget;
			buildConfigurationList = D2FBEC0027CB653200FD974A /* Build configuration list for PBXNativeTarget "mtl" */;
			buildPhases = (
				D2FBEBF327CB653200FD974A /* Sources */,
				D2FBEBF427CB653200FD974A /* Frameworks */,
				D2FBEBF527CB653200FD974A /* CopyFiles */,
			);
			buildRules = (
			);
			dependencies = (
			);
			name = mtl;
			productName = mtl;
			productReference = D2FBEBF727CB653200FD974A /* libmtl.a */;
			productType = "com.apple.product-type.library.static";
		};
/* End PBXNativeTarget section */

/* Begin PBXProject section */
		D2FBEBEF27CB653200FD974A /* Project object */ = {
			isa = PBXProject;
			attributes = {
				BuildIndependentTargetsInParallel = 1;
				LastUpgradeCheck = 1330;
				TargetAttributes = {
					D20656AC283DCA2200048B17 = {
						CreatedOnToolsVersion = 13.4;
					};
					D21A0FF0287738ED00AB7EF8 = {
						CreatedOnToolsVersion = 14.0;
					};
					D2520CFB280BFC4A00FD6562 = {
						CreatedOnToolsVersion = 13.3.1;
					};
					D264D29D28F7E7CF002B1B14 = {
						CreatedOnToolsVersion = 14.1;
					};
					D273EB51281C3D160032B428 = {
						CreatedOnToolsVersion = 13.3.1;
					};
					D2A52938283A1F5800E7B4C6 = {
						CreatedOnToolsVersion = 13.4;
					};
					D2A52945283A1F6A00E7B4C6 = {
						CreatedOnToolsVersion = 13.4;
					};
					D2FA4ADA2820227B001E2A51 = {
						CreatedOnToolsVersion = 13.3.1;
					};
					D2FBEBF627CB653200FD974A = {
						CreatedOnToolsVersion = 13.3;
					};
				};
			};
			buildConfigurationList = D2FBEBF227CB653200FD974A /* Build configuration list for PBXProject "pomace" */;
			compatibilityVersion = "Xcode 13.0";
			developmentRegion = en;
			hasScannedForEncodings = 0;
			knownRegions = (
				en,
				Base,
			);
			mainGroup = D2FBEBEE27CB653200FD974A;
			productRefGroup = D2FBEBF827CB653200FD974A /* Products */;
			projectDirPath = "";
			projectRoot = "";
			targets = (
				D2FBEBF627CB653200FD974A /* mtl */,
				D2520CFB280BFC4A00FD6562 /* sc */,
				D273EB51281C3D160032B428 /* common */,
				D2FA4ADA2820227B001E2A51 /* av */,
				D2A52938283A1F5800E7B4C6 /* ca */,
				D2A52945283A1F6A00E7B4C6 /* ci */,
				D20656AC283DCA2200048B17 /* ui */,
				D21A0FF0287738ED00AB7EF8 /* ns */,
				D264D29D28F7E7CF002B1B14 /* vn */,
			);
		};
/* End PBXProject section */

/* Begin PBXSourcesBuildPhase section */
		D20656A9283DCA2200048B17 /* Sources */ = {
			isa = PBXSourcesBuildPhase;
			buildActionMask = 2147483647;
			files = (
				D20656B1283DCA2200048B17 /* ui.m in Sources */,
			);
			runOnlyForDeploymentPostprocessing = 0;
		};
		D21A0FED287738ED00AB7EF8 /* Sources */ = {
			isa = PBXSourcesBuildPhase;
			buildActionMask = 2147483647;
			files = (
				D21A0FF5287738ED00AB7EF8 /* ns.m in Sources */,
			);
			runOnlyForDeploymentPostprocessing = 0;
		};
		D2520CF8280BFC4A00FD6562 /* Sources */ = {
			isa = PBXSourcesBuildPhase;
			buildActionMask = 2147483647;
			files = (
				D2520D00280BFC4A00FD6562 /* sc.m in Sources */,
			);
			runOnlyForDeploymentPostprocessing = 0;
		};
		D264D29A28F7E7CF002B1B14 /* Sources */ = {
			isa = PBXSourcesBuildPhase;
			buildActionMask = 2147483647;
			files = (
				D264D2A228F7E7CF002B1B14 /* vn.m in Sources */,
			);
			runOnlyForDeploymentPostprocessing = 0;
		};
		D273EB4E281C3D160032B428 /* Sources */ = {
			isa = PBXSourcesBuildPhase;
			buildActionMask = 2147483647;
			files = (
				D273EB56281C3D160032B428 /* common.m in Sources */,
			);
			runOnlyForDeploymentPostprocessing = 0;
		};
		D2A52935283A1F5800E7B4C6 /* Sources */ = {
			isa = PBXSourcesBuildPhase;
			buildActionMask = 2147483647;
			files = (
				D2A5293D283A1F5800E7B4C6 /* ca.m in Sources */,
			);
			runOnlyForDeploymentPostprocessing = 0;
		};
		D2A52942283A1F6A00E7B4C6 /* Sources */ = {
			isa = PBXSourcesBuildPhase;
			buildActionMask = 2147483647;
			files = (
				D2A5294A283A1F6A00E7B4C6 /* ci.m in Sources */,
			);
			runOnlyForDeploymentPostprocessing = 0;
		};
		D2FA4AD72820227B001E2A51 /* Sources */ = {
			isa = PBXSourcesBuildPhase;
			buildActionMask = 2147483647;
			files = (
				D2FA4ADF2820227B001E2A51 /* av.m in Sources */,
			);
			runOnlyForDeploymentPostprocessing = 0;
		};
		D2FBEBF327CB653200FD974A /* Sources */ = {
			isa = PBXSourcesBuildPhase;
			buildActionMask = 2147483647;
			files = (
				D2FBEBFC27CB653200FD974A /* mtl.m in Sources */,
			);
			runOnlyForDeploymentPostprocessing = 0;
		};
/* End PBXSourcesBuildPhase section */

/* Begin XCBuildConfiguration section */
		D20656B3283DCA2200048B17 /* Debug */ = {
			isa = XCBuildConfiguration;
			buildSettings = {
				CODE_SIGN_STYLE = Automatic;
				DEVELOPMENT_TEAM = FD6ZML48V9;
				IPHONEOS_DEPLOYMENT_TARGET = 15.5;
				OTHER_LDFLAGS = "-ObjC";
				PRODUCT_NAME = "$(TARGET_NAME)";
				SDKROOT = iphoneos;
				SKIP_INSTALL = YES;
				TARGETED_DEVICE_FAMILY = "1,2";
			};
			name = Debug;
		};
		D20656B4283DCA2200048B17 /* Release */ = {
			isa = XCBuildConfiguration;
			buildSettings = {
				CODE_SIGN_STYLE = Automatic;
				DEVELOPMENT_TEAM = FD6ZML48V9;
				IPHONEOS_DEPLOYMENT_TARGET = 15.5;
				OTHER_LDFLAGS = "-ObjC";
				PRODUCT_NAME = "$(TARGET_NAME)";
				SDKROOT = iphoneos;
				SKIP_INSTALL = YES;
				TARGETED_DEVICE_FAMILY = "1,2";
			};
			name = Release;
		};
		D21A0FF7287738ED00AB7EF8 /* Debug */ = {
			isa = XCBuildConfiguration;
			buildSettings = {
				CODE_SIGN_STYLE = Automatic;
				DEVELOPMENT_TEAM = FD6ZML48V9;
				OTHER_LDFLAGS = "-ObjC";
				PRODUCT_NAME = "$(TARGET_NAME)";
				SDKROOT = iphoneos;
				SKIP_INSTALL = YES;
				TARGETED_DEVICE_FAMILY = "1,2";
			};
			name = Debug;
		};
		D21A0FF8287738ED00AB7EF8 /* Release */ = {
			isa = XCBuildConfiguration;
			buildSettings = {
				CODE_SIGN_STYLE = Automatic;
				DEVELOPMENT_TEAM = FD6ZML48V9;
				OTHER_LDFLAGS = "-ObjC";
				PRODUCT_NAME = "$(TARGET_NAME)";
				SDKROOT = iphoneos;
				SKIP_INSTALL = YES;
				TARGETED_DEVICE_FAMILY = "1,2";
			};
			name = Release;
		};
		D2520D02280BFC4A00FD6562 /* Debug */ = {
			isa = XCBuildConfiguration;
			buildSettings = {
				CODE_SIGN_STYLE = Automatic;
				DEVELOPMENT_TEAM = FD6ZML48V9;
				OTHER_LDFLAGS = "-ObjC";
				PRODUCT_NAME = "$(TARGET_NAME)";
				SKIP_INSTALL = YES;
				TARGETED_DEVICE_FAMILY = "1,2";
			};
			name = Debug;
		};
		D2520D03280BFC4A00FD6562 /* Release */ = {
			isa = XCBuildConfiguration;
			buildSettings = {
				CODE_SIGN_STYLE = Automatic;
				DEVELOPMENT_TEAM = FD6ZML48V9;
				OTHER_LDFLAGS = "-ObjC";
				PRODUCT_NAME = "$(TARGET_NAME)";
				SKIP_INSTALL = YES;
				TARGETED_DEVICE_FAMILY = "1,2";
			};
			name = Release;
		};
		D264D2A528F7E7CF002B1B14 /* Debug */ = {
			isa = XCBuildConfiguration;
			buildSettings = {
				CODE_SIGN_STYLE = Automatic;
				DEVELOPMENT_TEAM = FD6ZML48V9;
				OTHER_LDFLAGS = "-ObjC";
				PRODUCT_NAME = "$(TARGET_NAME)";
				SDKROOT = iphoneos;
				SKIP_INSTALL = YES;
				TARGETED_DEVICE_FAMILY = "1,2";
			};
			name = Debug;
		};
		D264D2A628F7E7CF002B1B14 /* Release */ = {
			isa = XCBuildConfiguration;
			buildSettings = {
				CODE_SIGN_STYLE = Automatic;
				DEVELOPMENT_TEAM = FD6ZML48V9;
				OTHER_LDFLAGS = "-ObjC";
				PRODUCT_NAME = "$(TARGET_NAME)";
				SDKROOT = iphoneos;
				SKIP_INSTALL = YES;
				TARGETED_DEVICE_FAMILY = "1,2";
			};
			name = Release;
		};
		D273EB58281C3D160032B428 /* Debug */ = {
			isa = XCBuildConfiguration;
			buildSettings = {
				CODE_SIGN_STYLE = Automatic;
				DEVELOPMENT_TEAM = FD6ZML48V9;
				OTHER_LDFLAGS = "-ObjC";
				PRODUCT_NAME = "$(TARGET_NAME)";
				SDKROOT = iphoneos;
				SKIP_INSTALL = YES;
				TARGETED_DEVICE_FAMILY = "1,2";
			};
			name = Debug;
		};
		D273EB59281C3D160032B428 /* Release */ = {
			isa = XCBuildConfiguration;
			buildSettings = {
				CODE_SIGN_STYLE = Automatic;
				DEVELOPMENT_TEAM = FD6ZML48V9;
				OTHER_LDFLAGS = "-ObjC";
				PRODUCT_NAME = "$(TARGET_NAME)";
				SDKROOT = iphoneos;
				SKIP_INSTALL = YES;
				TARGETED_DEVICE_FAMILY = "1,2";
			};
			name = Release;
		};
		D2A5293F283A1F5800E7B4C6 /* Debug */ = {
			isa = XCBuildConfiguration;
			buildSettings = {
				CODE_SIGN_STYLE = Automatic;
				DEVELOPMENT_TEAM = FD6ZML48V9;
				OTHER_LDFLAGS = "-ObjC";
				PRODUCT_NAME = "$(TARGET_NAME)";
				SDKROOT = iphoneos;
				SKIP_INSTALL = YES;
				TARGETED_DEVICE_FAMILY = "1,2";
			};
			name = Debug;
		};
		D2A52940283A1F5800E7B4C6 /* Release */ = {
			isa = XCBuildConfiguration;
			buildSettings = {
				CODE_SIGN_STYLE = Automatic;
				DEVELOPMENT_TEAM = FD6ZML48V9;
				OTHER_LDFLAGS = "-ObjC";
				PRODUCT_NAME = "$(TARGET_NAME)";
				SDKROOT = iphoneos;
				SKIP_INSTALL = YES;
				TARGETED_DEVICE_FAMILY = "1,2";
			};
			name = Release;
		};
		D2A5294D283A1F6A00E7B4C6 /* Debug */ = {
			isa = XCBuildConfiguration;
			buildSettings = {
				CODE_SIGN_STYLE = Automatic;
				DEVELOPMENT_TEAM = FD6ZML48V9;
				OTHER_LDFLAGS = "-ObjC";
				PRODUCT_NAME = "$(TARGET_NAME)";
				SDKROOT = iphoneos;
				SKIP_INSTALL = YES;
				TARGETED_DEVICE_FAMILY = "1,2";
			};
			name = Debug;
		};
		D2A5294E283A1F6A00E7B4C6 /* Release */ = {
			isa = XCBuildConfiguration;
			buildSettings = {
				CODE_SIGN_STYLE = Automatic;
				DEVELOPMENT_TEAM = FD6ZML48V9;
				OTHER_LDFLAGS = "-ObjC";
				PRODUCT_NAME = "$(TARGET_NAME)";
				SDKROOT = iphoneos;
				SKIP_INSTALL = YES;
				TARGETED_DEVICE_FAMILY = "1,2";
			};
			name = Release;
		};
		D2FA4AE12820227B001E2A51 /* Debug */ = {
			isa = XCBuildConfiguration;
			buildSettings = {
				CODE_SIGN_STYLE = Automatic;
				DEVELOPMENT_TEAM = FD6ZML48V9;
				OTHER_LDFLAGS = "-ObjC";
				PRODUCT_NAME = "$(TARGET_NAME)";
				SDKROOT = iphoneos;
				SKIP_INSTALL = YES;
				TARGETED_DEVICE_FAMILY = "1,2";
			};
			name = Debug;
		};
		D2FA4AE22820227B001E2A51 /* Release */ = {
			isa = XCBuildConfiguration;
			buildSettings = {
				CODE_SIGN_STYLE = Automatic;
				DEVELOPMENT_TEAM = FD6ZML48V9;
				OTHER_LDFLAGS = "-ObjC";
				PRODUCT_NAME = "$(TARGET_NAME)";
				SDKROOT = iphoneos;
				SKIP_INSTALL = YES;
				TARGETED_DEVICE_FAMILY = "1,2";
			};
			name = Release;
		};
		D2FBEBFE27CB653200FD974A /* Debug */ = {
			isa = XCBuildConfiguration;
			buildSettings = {
				ALWAYS_SEARCH_USER_PATHS = NO;
				CLANG_ANALYZER_NONNULL = YES;
				CLANG_ANALYZER_NUMBER_OBJECT_CONVERSION = YES_AGGRESSIVE;
				CLANG_CXX_LANGUAGE_STANDARD = "gnu++17";
				CLANG_ENABLE_MODULES = YES;
				CLANG_ENABLE_OBJC_ARC = YES;
				CLANG_ENABLE_OBJC_WEAK = YES;
				CLANG_WARN_BLOCK_CAPTURE_AUTORELEASING = YES;
				CLANG_WARN_BOOL_CONVERSION = YES;
				CLANG_WARN_COMMA = YES;
				CLANG_WARN_CONSTANT_CONVERSION = YES;
				CLANG_WARN_DEPRECATED_OBJC_IMPLEMENTATIONS = YES;
				CLANG_WARN_DIRECT_OBJC_ISA_USAGE = YES_ERROR;
				CLANG_WARN_DOCUMENTATION_COMMENTS = YES;
				CLANG_WARN_EMPTY_BODY = YES;
				CLANG_WARN_ENUM_CONVERSION = YES;
				CLANG_WARN_INFINITE_RECURSION = YES;
				CLANG_WARN_INT_CONVERSION = YES;
				CLANG_WARN_NON_LITERAL_NULL_CONVERSION = YES;
				CLANG_WARN_OBJC_IMPLICIT_RETAIN_SELF = YES;
				CLANG_WARN_OBJC_LITERAL_CONVERSION = YES;
				CLANG_WARN_OBJC_ROOT_CLASS = YES_ERROR;
				CLANG_WARN_QUOTED_INCLUDE_IN_FRAMEWORK_HEADER = YES;
				CLANG_WARN_RANGE_LOOP_ANALYSIS = YES;
				CLANG_WARN_STRICT_PROTOTYPES = YES;
				CLANG_WARN_SUSPICIOUS_MOVE = YES;
				CLANG_WARN_UNGUARDED_AVAILABILITY = YES_AGGRESSIVE;
				CLANG_WARN_UNREACHABLE_CODE = YES;
				CLANG_WARN__DUPLICATE_METHOD_MATCH = YES;
				COPY_PHASE_STRIP = NO;
				DEBUG_INFORMATION_FORMAT = dwarf;
				ENABLE_STRICT_OBJC_MSGSEND = YES;
				ENABLE_TESTABILITY = YES;
				GCC_C_LANGUAGE_STANDARD = gnu11;
				GCC_DYNAMIC_NO_PIC = NO;
				GCC_NO_COMMON_BLOCKS = YES;
				GCC_OPTIMIZATION_LEVEL = 0;
				GCC_PREPROCESSOR_DEFINITIONS = (
					"DEBUG=1",
					"$(inherited)",
				);
				GCC_WARN_64_TO_32_BIT_CONVERSION = YES;
				GCC_WARN_ABOUT_RETURN_TYPE = YES_ERROR;
				GCC_WARN_UNDECLARED_SELECTOR = YES;
				GCC_WARN_UNINITIALIZED_AUTOS = YES_AGGRESSIVE;
				GCC_WARN_UNUSED_FUNCTION = YES;
				GCC_WARN_UNUSED_VARIABLE = YES;
				IPHONEOS_DEPLOYMENT_TARGET = 15.0;
				MACOSX_DEPLOYMENT_TARGET = 12.0;
				MTL_ENABLE_DEBUG_INFO = INCLUDE_SOURCE;
				MTL_FAST_MATH = YES;
				ONLY_ACTIVE_ARCH = YES;
				SDKROOT = macosx;
			};
			name = Debug;
		};
		D2FBEBFF27CB653200FD974A /* Release */ = {
			isa = XCBuildConfiguration;
			buildSettings = {
				ALWAYS_SEARCH_USER_PATHS = NO;
				CLANG_ANALYZER_NONNULL = YES;
				CLANG_ANALYZER_NUMBER_OBJECT_CONVERSION = YES_AGGRESSIVE;
				CLANG_CXX_LANGUAGE_STANDARD = "gnu++17";
				CLANG_ENABLE_MODULES = YES;
				CLANG_ENABLE_OBJC_ARC = YES;
				CLANG_ENABLE_OBJC_WEAK = YES;
				CLANG_WARN_BLOCK_CAPTURE_AUTORELEASING = YES;
				CLANG_WARN_BOOL_CONVERSION = YES;
				CLANG_WARN_COMMA = YES;
				CLANG_WARN_CONSTANT_CONVERSION = YES;
				CLANG_WARN_DEPRECATED_OBJC_IMPLEMENTATIONS = YES;
				CLANG_WARN_DIRECT_OBJC_ISA_USAGE = YES_ERROR;
				CLANG_WARN_DOCUMENTATION_COMMENTS = YES;
				CLANG_WARN_EMPTY_BODY = YES;
				CLANG_WARN_ENUM_CONVERSION = YES;
				CLANG_WARN_INFINITE_RECURSION = YES;
				CLANG_WARN_INT_CONVERSION = YES;
				CLANG_WARN_NON_LITERAL_NULL_CONVERSION = YES;
				CLANG_WARN_OBJC_IMPLICIT_RETAIN_SELF = YES;
				CLANG_WARN_OBJC_LITERAL_CONVERSION = YES;
				CLANG_WARN_OBJC_ROOT_CLASS = YES_ERROR;
				CLANG_WARN_QUOTED_INCLUDE_IN_FRAMEWORK_HEADER = YES;
				CLANG_WARN_RANGE_LOOP_ANALYSIS = YES;
				CLANG_WARN_STRICT_PROTOTYPES = YES;
				CLANG_WARN_SUSPICIOUS_MOVE = YES;
				CLANG_WARN_UNGUARDED_AVAILABILITY = YES_AGGRESSIVE;
				CLANG_WARN_UNREACHABLE_CODE = YES;
				CLANG_WARN__DUPLICATE_METHOD_MATCH = YES;
				COPY_PHASE_STRIP = NO;
				DEBUG_INFORMATION_FORMAT = "dwarf-with-dsym";
				ENABLE_NS_ASSERTIONS = NO;
				ENABLE_STRICT_OBJC_MSGSEND = YES;
				GCC_C_LANGUAGE_STANDARD = gnu11;
				GCC_NO_COMMON_BLOCKS = YES;
				GCC_WARN_64_TO_32_BIT_CONVERSION = YES;
				GCC_WARN_ABOUT_RETURN_TYPE = YES_ERROR;
				GCC_WARN_UNDECLARED_SELECTOR = YES;
				GCC_WARN_UNINITIALIZED_AUTOS = YES_AGGRESSIVE;
				GCC_WARN_UNUSED_FUNCTION = YES;
				GCC_WARN_UNUSED_VARIABLE = YES;
				IPHONEOS_DEPLOYMENT_TARGET = 15.0;
				MACOSX_DEPLOYMENT_TARGET = 12.0;
				MTL_ENABLE_DEBUG_INFO = NO;
				MTL_FAST_MATH = YES;
				SDKROOT = macosx;
				VALIDATE_PRODUCT = YES;
			};
			name = Release;
		};
		D2FBEC0127CB653200FD974A /* Debug */ = {
			isa = XCBuildConfiguration;
			buildSettings = {
				CODE_SIGN_STYLE = Automatic;
				DEVELOPMENT_TEAM = FD6ZML48V9;
				OTHER_LDFLAGS = "-ObjC";
				PRODUCT_NAME = "$(TARGET_NAME)";
				SDKROOT = iphoneos;
				SKIP_INSTALL = YES;
				TARGETED_DEVICE_FAMILY = "1,2";
			};
			name = Debug;
		};
		D2FBEC0227CB653200FD974A /* Release */ = {
			isa = XCBuildConfiguration;
			buildSettings = {
				CODE_SIGN_STYLE = Automatic;
				DEVELOPMENT_TEAM = FD6ZML48V9;
				OTHER_LDFLAGS = "-ObjC";
				PRODUCT_NAME = "$(TARGET_NAME)";
				SDKROOT = iphoneos;
				SKIP_INSTALL = YES;
				TARGETED_DEVICE_FAMILY = "1,2";
			};
			name = Release;
		};
/* End XCBuildConfiguration section */

/* Begin XCConfigurationList section */
		D20656B5283DCA2200048B17 /* Build configuration list for PBXNativeTarget "ui" */ = {
			isa = XCConfigurationList;
			buildConfigurations = (
				D20656B3283DCA2200048B17 /* Debug */,
				D20656B4283DCA2200048B17 /* Release */,
			);
			defaultConfigurationIsVisible = 0;
			defaultConfigurationName = Release;
		};
		D21A0FF9287738ED00AB7EF8 /* Build configuration list for PBXNativeTarget "ns" */ = {
			isa = XCConfigurationList;
			buildConfigurations = (
				D21A0FF7287738ED00AB7EF8 /* Debug */,
				D21A0FF8287738ED00AB7EF8 /* Release */,
			);
			defaultConfigurationIsVisible = 0;
			defaultConfigurationName = Release;
		};
		D2520D04280BFC4A00FD6562 /* Build configuration list for PBXNativeTarget "sc" */ = {
			isa = XCConfigurationList;
			buildConfigurations = (
				D2520D02280BFC4A00FD6562 /* Debug */,
				D2520D03280BFC4A00FD6562 /* Release */,
			);
			defaultConfigurationIsVisible = 0;
			defaultConfigurationName = Release;
		};
		D264D2A428F7E7CF002B1B14 /* Build configuration list for PBXNativeTarget "vn" */ = {
			isa = XCConfigurationList;
			buildConfigurations = (
				D264D2A528F7E7CF002B1B14 /* Debug */,
				D264D2A628F7E7CF002B1B14 /* Release */,
			);
			defaultConfigurationIsVisible = 0;
			defaultConfigurationName = Release;
		};
		D273EB5A281C3D160032B428 /* Build configuration list for PBXNativeTarget "common" */ = {
			isa = XCConfigurationList;
			buildConfigurations = (
				D273EB58281C3D160032B428 /* Debug */,
				D273EB59281C3D160032B428 /* Release */,
			);
			defaultConfigurationIsVisible = 0;
			defaultConfigurationName = Release;
		};
		D2A52941283A1F5800E7B4C6 /* Build configuration list for PBXNativeTarget "ca" */ = {
			isa = XCConfigurationList;
			buildConfigurations = (
				D2A5293F283A1F5800E7B4C6 /* Debug */,
				D2A52940283A1F5800E7B4C6 /* Release */,
			);
			defaultConfigurationIsVisible = 0;
			defaultConfigurationName = Release;
		};
		D2A5294C283A1F6A00E7B4C6 /* Build configuration list for PBXNativeTarget "ci" */ = {
			isa = XCConfigurationList;
			buildConfigurations = (
				D2A5294D283A1F6A00E7B4C6 /* Debug */,
				D2A5294E283A1F6A00E7B4C6 /* Release */,
			);
			defaultConfigurationIsVisible = 0;
			defaultConfigurationName = Release;
		};
		D2FA4AE32820227B001E2A51 /* Build configuration list for PBXNativeTarget "av" */ = {
			isa = XCConfigurationList;
			buildConfigurations = (
				D2FA4AE12820227B001E2A51 /* Debug */,
				D2FA4AE22820227B001E2A51 /* Release */,
			);
			defaultConfigurationIsVisible = 0;
			defaultConfigurationName = Release;
		};
		D2FBEBF227CB653200FD974A /* Build configuration list for PBXProject "pomace" */ = {
			isa = XCConfigurationList;
			buildConfigurations = (
				D2FBEBFE27CB653200FD974A /* Debug */,
				D2FBEBFF27CB653200FD974A /* Release */,
			);
			defaultConfigurationIsVisible = 0;
			defaultConfigurationName = Release;
		};
		D2FBEC0027CB653200FD974A /* Build configuration list for PBXNativeTarget "mtl" */ = {
			isa = XCConfigurationList;
			buildConfigurations = (
				D2FBEC0127CB653200FD974A /* Debug */,
				D2FBEC0227CB653200FD974A /* Release */,
			);
			defaultConfigurationIsVisible = 0;
			defaultConfigurationName = Release;
		};
/* End XCConfigurationList section */
	};
	rootObject = D2FBEBEF27CB653200FD974A /* Project object */;
}
