// !$*UTF8*$!
{
	archiveVersion = 1;
	classes = {
	};
	objectVersion = 55;
	objects = {

/* Begin PBXBuildFile section */
		D20656B1283DCA2200048B17 /* ui.m in Sources */ = {isa = PBXBuildFile; fileRef = D20656B0283DCA2200048B17 /* ui.m */; };
		D20656B2283DCA2200048B17 /* ui.h in CopyFiles */ = {isa = PBXBuildFile; fileRef = D20656AF283DCA2200048B17 /* ui.h */; };
		D21A0FF5287738ED00AB7EF8 /* ns.m in Sources */ = {isa = PBXBuildFile; fileRef = D21A0FF4287738ED00AB7EF8 /* ns.m */; };
		D21A0FF6287738ED00AB7EF8 /* ns.h in CopyFiles */ = {isa = PBXBuildFile; fileRef = D21A0FF3287738ED00AB7EF8 /* ns.h */; };
		D21EFEFF2B5911F500C86B08 /* mc.m in Sources */ = {isa = PBXBuildFile; fileRef = D21EFEFE2B5911F500C86B08 /* mc.m */; };
		D21EFF002B5911F500C86B08 /* mc.h in CopyFiles */ = {isa = PBXBuildFile; fileRef = D21EFEFD2B5911F500C86B08 /* mc.h */; };
		D21EFF0C2B5A96FD00C86B08 /* core_motion.m in Sources */ = {isa = PBXBuildFile; fileRef = D21EFF0B2B5A96FD00C86B08 /* core_motion.m */; };
		D21EFF0D2B5A96FD00C86B08 /* core_motion.h in CopyFiles */ = {isa = PBXBuildFile; fileRef = D21EFF0A2B5A96FD00C86B08 /* core_motion.h */; };
		D22946A62AF217A0004FAA52 /* wk.m in Sources */ = {isa = PBXBuildFile; fileRef = D22946A52AF217A0004FAA52 /* wk.m */; };
		D22946A72AF217A0004FAA52 /* wk.h in CopyFiles */ = {isa = PBXBuildFile; fileRef = D22946A42AF217A0004FAA52 /* wk.h */; };
		D22946B32AF22516004FAA52 /* app.m in Sources */ = {isa = PBXBuildFile; fileRef = D22946B22AF22516004FAA52 /* app.m */; };
		D22946B42AF22516004FAA52 /* app.h in CopyFiles */ = {isa = PBXBuildFile; fileRef = D22946B12AF22516004FAA52 /* app.h */; };
		D23E3BA82B4D3605006B1B9C /* gc.m in Sources */ = {isa = PBXBuildFile; fileRef = D23E3BA72B4D3605006B1B9C /* gc.m */; };
		D23E3BA92B4D3605006B1B9C /* gc.h in CopyFiles */ = {isa = PBXBuildFile; fileRef = D23E3BA62B4D3605006B1B9C /* gc.h */; };
		D2520D00280BFC4A00FD6562 /* sc.m in Sources */ = {isa = PBXBuildFile; fileRef = D2520CFF280BFC4A00FD6562 /* sc.m */; };
		D2520D01280BFC4A00FD6562 /* sc.h in CopyFiles */ = {isa = PBXBuildFile; fileRef = D2520CFE280BFC4A00FD6562 /* sc.h */; };
		D264D2A228F7E7CF002B1B14 /* vn.m in Sources */ = {isa = PBXBuildFile; fileRef = D264D2A128F7E7CF002B1B14 /* vn.m */; };
		D264D2A328F7E7CF002B1B14 /* vn.h in CopyFiles */ = {isa = PBXBuildFile; fileRef = D264D2A028F7E7CF002B1B14 /* vn.h */; };
		D26D52F52B27415E007D8074 /* ut.m in Sources */ = {isa = PBXBuildFile; fileRef = D26D52F42B27415E007D8074 /* ut.m */; };
		D26D52F62B27415E007D8074 /* ut.h in CopyFiles */ = {isa = PBXBuildFile; fileRef = D26D52F32B27415E007D8074 /* ut.h */; };
		D27864E62A0A29F400E64871 /* mlc.m in Sources */ = {isa = PBXBuildFile; fileRef = D27864E52A0A29F400E64871 /* mlc.m */; };
		D27864E72A0A29F400E64871 /* mlc.h in CopyFiles */ = {isa = PBXBuildFile; fileRef = D27864E42A0A29F400E64871 /* mlc.h */; };
		D27864ED2A0A2BBC00E64871 /* MLCompute.framework in Frameworks */ = {isa = PBXBuildFile; fileRef = D27864EB2A0A2A8600E64871 /* MLCompute.framework */; };
		D2A5293D283A1F5800E7B4C6 /* ca.m in Sources */ = {isa = PBXBuildFile; fileRef = D2A5293C283A1F5800E7B4C6 /* ca.m */; };
		D2A5293E283A1F5800E7B4C6 /* ca.h in CopyFiles */ = {isa = PBXBuildFile; fileRef = D2A5293B283A1F5800E7B4C6 /* ca.h */; };
		D2A5294A283A1F6A00E7B4C6 /* ci.m in Sources */ = {isa = PBXBuildFile; fileRef = D2A52949283A1F6A00E7B4C6 /* ci.m */; };
		D2A5294B283A1F6A00E7B4C6 /* ci.h in CopyFiles */ = {isa = PBXBuildFile; fileRef = D2A52948283A1F6A00E7B4C6 /* ci.h */; };
		D2DC5D26295870DB007E2B9D /* sn.m in Sources */ = {isa = PBXBuildFile; fileRef = D2DC5D25295870DB007E2B9D /* sn.m */; };
		D2DC5D27295870DB007E2B9D /* sn.h in CopyFiles */ = {isa = PBXBuildFile; fileRef = D2DC5D24295870DB007E2B9D /* sn.h */; };
		D2DC5D38295B5064007E2B9D /* mps.m in Sources */ = {isa = PBXBuildFile; fileRef = D2DC5D37295B5064007E2B9D /* mps.m */; };
		D2DC5D39295B5064007E2B9D /* mps.h in CopyFiles */ = {isa = PBXBuildFile; fileRef = D2DC5D36295B5064007E2B9D /* mps.h */; };
		D2DC5D45295B506F007E2B9D /* mpsg.m in Sources */ = {isa = PBXBuildFile; fileRef = D2DC5D44295B506F007E2B9D /* mpsg.m */; };
		D2DC5D46295B506F007E2B9D /* mpsg.h in CopyFiles */ = {isa = PBXBuildFile; fileRef = D2DC5D43295B506F007E2B9D /* mpsg.h */; };
		D2FA4ADF2820227B001E2A51 /* av.m in Sources */ = {isa = PBXBuildFile; fileRef = D2FA4ADE2820227B001E2A51 /* av.m */; };
		D2FA4AE02820227B001E2A51 /* av.h in CopyFiles */ = {isa = PBXBuildFile; fileRef = D2FA4ADD2820227B001E2A51 /* av.h */; };
		D2FBEBFC27CB653200FD974A /* mtl.m in Sources */ = {isa = PBXBuildFile; fileRef = D2FBEBFB27CB653200FD974A /* mtl.m */; };
		D2FBEBFD27CB653200FD974A /* mtl.h in CopyFiles */ = {isa = PBXBuildFile; fileRef = D2FBEBFA27CB653200FD974A /* mtl.h */; };
/* End PBXBuildFile section */

/* Begin PBXCopyFilesBuildPhase section */
		D20656AB283DCA2200048B17 /* CopyFiles */ = {
			isa = PBXCopyFilesBuildPhase;
			buildActionMask = 2147483647;
			dstPath = "include/$(PRODUCT_NAME)";
			dstSubfolderSpec = 16;
			files = (
				D20656B2283DCA2200048B17 /* ui.h in CopyFiles */,
			);
			runOnlyForDeploymentPostprocessing = 0;
		};
		D21A0FEF287738ED00AB7EF8 /* CopyFiles */ = {
			isa = PBXCopyFilesBuildPhase;
			buildActionMask = 2147483647;
			dstPath = "include/$(PRODUCT_NAME)";
			dstSubfolderSpec = 16;
			files = (
				D21A0FF6287738ED00AB7EF8 /* ns.h in CopyFiles */,
			);
			runOnlyForDeploymentPostprocessing = 0;
		};
		D21EFEF92B5911F500C86B08 /* CopyFiles */ = {
			isa = PBXCopyFilesBuildPhase;
			buildActionMask = 2147483647;
			dstPath = "include/$(PRODUCT_NAME)";
			dstSubfolderSpec = 16;
			files = (
				D21EFF002B5911F500C86B08 /* mc.h in CopyFiles */,
			);
			runOnlyForDeploymentPostprocessing = 0;
		};
		D21EFF062B5A96FD00C86B08 /* CopyFiles */ = {
			isa = PBXCopyFilesBuildPhase;
			buildActionMask = 2147483647;
			dstPath = "include/$(PRODUCT_NAME)";
			dstSubfolderSpec = 16;
			files = (
				D21EFF0D2B5A96FD00C86B08 /* core_motion.h in CopyFiles */,
			);
			runOnlyForDeploymentPostprocessing = 0;
		};
		D22946A02AF217A0004FAA52 /* CopyFiles */ = {
			isa = PBXCopyFilesBuildPhase;
			buildActionMask = 2147483647;
			dstPath = "include/$(PRODUCT_NAME)";
			dstSubfolderSpec = 16;
			files = (
				D22946A72AF217A0004FAA52 /* wk.h in CopyFiles */,
			);
			runOnlyForDeploymentPostprocessing = 0;
		};
		D22946AD2AF22515004FAA52 /* CopyFiles */ = {
			isa = PBXCopyFilesBuildPhase;
			buildActionMask = 2147483647;
			dstPath = "include/$(PRODUCT_NAME)";
			dstSubfolderSpec = 16;
			files = (
				D22946B42AF22516004FAA52 /* app.h in CopyFiles */,
			);
			runOnlyForDeploymentPostprocessing = 0;
		};
		D23E3BA22B4D3605006B1B9C /* CopyFiles */ = {
			isa = PBXCopyFilesBuildPhase;
			buildActionMask = 2147483647;
			dstPath = "include/$(PRODUCT_NAME)";
			dstSubfolderSpec = 16;
			files = (
				D23E3BA92B4D3605006B1B9C /* gc.h in CopyFiles */,
			);
			runOnlyForDeploymentPostprocessing = 0;
		};
		D2520CFA280BFC4A00FD6562 /* CopyFiles */ = {
			isa = PBXCopyFilesBuildPhase;
			buildActionMask = 2147483647;
			dstPath = "include/$(PRODUCT_NAME)";
			dstSubfolderSpec = 16;
			files = (
				D2520D01280BFC4A00FD6562 /* sc.h in CopyFiles */,
			);
			runOnlyForDeploymentPostprocessing = 0;
		};
		D264D29C28F7E7CF002B1B14 /* CopyFiles */ = {
			isa = PBXCopyFilesBuildPhase;
			buildActionMask = 2147483647;
			dstPath = "include/$(PRODUCT_NAME)";
			dstSubfolderSpec = 16;
			files = (
				D264D2A328F7E7CF002B1B14 /* vn.h in CopyFiles */,
			);
			runOnlyForDeploymentPostprocessing = 0;
		};
		D26D52EF2B27415D007D8074 /* CopyFiles */ = {
			isa = PBXCopyFilesBuildPhase;
			buildActionMask = 2147483647;
			dstPath = "include/$(PRODUCT_NAME)";
			dstSubfolderSpec = 16;
			files = (
				D26D52F62B27415E007D8074 /* ut.h in CopyFiles */,
			);
			runOnlyForDeploymentPostprocessing = 0;
		};
		D27864E02A0A29F400E64871 /* CopyFiles */ = {
			isa = PBXCopyFilesBuildPhase;
			buildActionMask = 2147483647;
			dstPath = "include/$(PRODUCT_NAME)";
			dstSubfolderSpec = 16;
			files = (
				D27864E72A0A29F400E64871 /* mlc.h in CopyFiles */,
			);
			runOnlyForDeploymentPostprocessing = 0;
		};
		D2A52937283A1F5800E7B4C6 /* CopyFiles */ = {
			isa = PBXCopyFilesBuildPhase;
			buildActionMask = 2147483647;
			dstPath = "include/$(PRODUCT_NAME)";
			dstSubfolderSpec = 16;
			files = (
				D2A5293E283A1F5800E7B4C6 /* ca.h in CopyFiles */,
			);
			runOnlyForDeploymentPostprocessing = 0;
		};
		D2A52944283A1F6A00E7B4C6 /* CopyFiles */ = {
			isa = PBXCopyFilesBuildPhase;
			buildActionMask = 2147483647;
			dstPath = "include/$(PRODUCT_NAME)";
			dstSubfolderSpec = 16;
			files = (
				D2A5294B283A1F6A00E7B4C6 /* ci.h in CopyFiles */,
			);
			runOnlyForDeploymentPostprocessing = 0;
		};
		D2DC5D20295870DB007E2B9D /* CopyFiles */ = {
			isa = PBXCopyFilesBuildPhase;
			buildActionMask = 2147483647;
			dstPath = "include/$(PRODUCT_NAME)";
			dstSubfolderSpec = 16;
			files = (
				D2DC5D27295870DB007E2B9D /* sn.h in CopyFiles */,
			);
			runOnlyForDeploymentPostprocessing = 0;
		};
		D2DC5D32295B5064007E2B9D /* CopyFiles */ = {
			isa = PBXCopyFilesBuildPhase;
			buildActionMask = 2147483647;
			dstPath = "include/$(PRODUCT_NAME)";
			dstSubfolderSpec = 16;
			files = (
				D2DC5D39295B5064007E2B9D /* mps.h in CopyFiles */,
			);
			runOnlyForDeploymentPostprocessing = 0;
		};
		D2DC5D3F295B506F007E2B9D /* CopyFiles */ = {
			isa = PBXCopyFilesBuildPhase;
			buildActionMask = 2147483647;
			dstPath = "include/$(PRODUCT_NAME)";
			dstSubfolderSpec = 16;
			files = (
				D2DC5D46295B506F007E2B9D /* mpsg.h in CopyFiles */,
			);
			runOnlyForDeploymentPostprocessing = 0;
		};
		D2FA4AD92820227B001E2A51 /* CopyFiles */ = {
			isa = PBXCopyFilesBuildPhase;
			buildActionMask = 2147483647;
			dstPath = "include/$(PRODUCT_NAME)";
			dstSubfolderSpec = 16;
			files = (
				D2FA4AE02820227B001E2A51 /* av.h in CopyFiles */,
			);
			runOnlyForDeploymentPostprocessing = 0;
		};
		D2FBEBF527CB653200FD974A /* CopyFiles */ = {
			isa = PBXCopyFilesBuildPhase;
			buildActionMask = 2147483647;
			dstPath = "include/$(PRODUCT_NAME)";
			dstSubfolderSpec = 16;
			files = (
				D2FBEBFD27CB653200FD974A /* mtl.h in CopyFiles */,
			);
			runOnlyForDeploymentPostprocessing = 0;
		};
/* End PBXCopyFilesBuildPhase section */

/* Begin PBXFileReference section */
		D20656AD283DCA2200048B17 /* libui.a */ = {isa = PBXFileReference; explicitFileType = archive.ar; includeInIndex = 0; path = libui.a; sourceTree = BUILT_PRODUCTS_DIR; };
		D20656AF283DCA2200048B17 /* ui.h */ = {isa = PBXFileReference; lastKnownFileType = sourcecode.c.h; path = ui.h; sourceTree = "<group>"; };
		D20656B0283DCA2200048B17 /* ui.m */ = {isa = PBXFileReference; lastKnownFileType = sourcecode.c.objc; path = ui.m; sourceTree = "<group>"; };
		D21A0FF1287738ED00AB7EF8 /* libns.a */ = {isa = PBXFileReference; explicitFileType = archive.ar; includeInIndex = 0; path = libns.a; sourceTree = BUILT_PRODUCTS_DIR; };
		D21A0FF3287738ED00AB7EF8 /* ns.h */ = {isa = PBXFileReference; lastKnownFileType = sourcecode.c.h; path = ns.h; sourceTree = "<group>"; };
		D21A0FF4287738ED00AB7EF8 /* ns.m */ = {isa = PBXFileReference; lastKnownFileType = sourcecode.c.objc; path = ns.m; sourceTree = "<group>"; };
		D21EFEFB2B5911F500C86B08 /* libmc.a */ = {isa = PBXFileReference; explicitFileType = archive.ar; includeInIndex = 0; path = libmc.a; sourceTree = BUILT_PRODUCTS_DIR; };
		D21EFEFD2B5911F500C86B08 /* mc.h */ = {isa = PBXFileReference; lastKnownFileType = sourcecode.c.h; path = mc.h; sourceTree = "<group>"; };
		D21EFEFE2B5911F500C86B08 /* mc.m */ = {isa = PBXFileReference; lastKnownFileType = sourcecode.c.objc; path = mc.m; sourceTree = "<group>"; };
		D21EFF082B5A96FD00C86B08 /* libcore_motion.a */ = {isa = PBXFileReference; explicitFileType = archive.ar; includeInIndex = 0; path = libcore_motion.a; sourceTree = BUILT_PRODUCTS_DIR; };
		D21EFF0A2B5A96FD00C86B08 /* core_motion.h */ = {isa = PBXFileReference; lastKnownFileType = sourcecode.c.h; path = core_motion.h; sourceTree = "<group>"; };
		D21EFF0B2B5A96FD00C86B08 /* core_motion.m */ = {isa = PBXFileReference; lastKnownFileType = sourcecode.c.objc; path = core_motion.m; sourceTree = "<group>"; };
		D22946A22AF217A0004FAA52 /* libwk.a */ = {isa = PBXFileReference; explicitFileType = archive.ar; includeInIndex = 0; path = libwk.a; sourceTree = BUILT_PRODUCTS_DIR; };
		D22946A42AF217A0004FAA52 /* wk.h */ = {isa = PBXFileReference; lastKnownFileType = sourcecode.c.h; path = wk.h; sourceTree = "<group>"; };
		D22946A52AF217A0004FAA52 /* wk.m */ = {isa = PBXFileReference; lastKnownFileType = sourcecode.c.objc; path = wk.m; sourceTree = "<group>"; };
		D22946AF2AF22515004FAA52 /* libapp.a */ = {isa = PBXFileReference; explicitFileType = archive.ar; includeInIndex = 0; path = libapp.a; sourceTree = BUILT_PRODUCTS_DIR; };
		D22946B12AF22516004FAA52 /* app.h */ = {isa = PBXFileReference; lastKnownFileType = sourcecode.c.h; path = app.h; sourceTree = "<group>"; };
		D22946B22AF22516004FAA52 /* app.m */ = {isa = PBXFileReference; lastKnownFileType = sourcecode.c.objc; path = app.m; sourceTree = "<group>"; };
		D237F0AD293274B2005B7880 /* libSystem.tbd */ = {isa = PBXFileReference; lastKnownFileType = "sourcecode.text-based-dylib-definition"; name = libSystem.tbd; path = usr/lib/libSystem.tbd; sourceTree = SDKROOT; };
		D237F0AF293274C3005B7880 /* libSystem.B.tbd */ = {isa = PBXFileReference; lastKnownFileType = "sourcecode.text-based-dylib-definition"; name = libSystem.B.tbd; path = usr/lib/libSystem.B.tbd; sourceTree = SDKROOT; };
		D237F0B1293274EF005B7880 /* CoreFoundation.framework */ = {isa = PBXFileReference; lastKnownFileType = wrapper.framework; name = CoreFoundation.framework; path = System/Library/Frameworks/CoreFoundation.framework; sourceTree = SDKROOT; };
		D237F0B329327506005B7880 /* libsystem_blocks.tbd */ = {isa = PBXFileReference; lastKnownFileType = "sourcecode.text-based-dylib-definition"; name = libsystem_blocks.tbd; path = usr/lib/system/libsystem_blocks.tbd; sourceTree = SDKROOT; };
		D23E3BA42B4D3605006B1B9C /* libgc.a */ = {isa = PBXFileReference; explicitFileType = archive.ar; includeInIndex = 0; path = libgc.a; sourceTree = BUILT_PRODUCTS_DIR; };
		D23E3BA62B4D3605006B1B9C /* gc.h */ = {isa = PBXFileReference; lastKnownFileType = sourcecode.c.h; path = gc.h; sourceTree = "<group>"; };
		D23E3BA72B4D3605006B1B9C /* gc.m */ = {isa = PBXFileReference; lastKnownFileType = sourcecode.c.objc; path = gc.m; sourceTree = "<group>"; };
		D2520CFC280BFC4A00FD6562 /* libsc.a */ = {isa = PBXFileReference; explicitFileType = archive.ar; includeInIndex = 0; path = libsc.a; sourceTree = BUILT_PRODUCTS_DIR; };
		D2520CFE280BFC4A00FD6562 /* sc.h */ = {isa = PBXFileReference; lastKnownFileType = sourcecode.c.h; path = sc.h; sourceTree = "<group>"; };
		D2520CFF280BFC4A00FD6562 /* sc.m */ = {isa = PBXFileReference; lastKnownFileType = sourcecode.c.objc; path = sc.m; sourceTree = "<group>"; };
		D2520D05280C502500FD6562 /* macro.h */ = {isa = PBXFileReference; lastKnownFileType = sourcecode.c.h; path = macro.h; sourceTree = "<group>"; };
		D264D29E28F7E7CF002B1B14 /* libvn.a */ = {isa = PBXFileReference; explicitFileType = archive.ar; includeInIndex = 0; path = libvn.a; sourceTree = BUILT_PRODUCTS_DIR; };
		D264D2A028F7E7CF002B1B14 /* vn.h */ = {isa = PBXFileReference; lastKnownFileType = sourcecode.c.h; path = vn.h; sourceTree = "<group>"; };
		D264D2A128F7E7CF002B1B14 /* vn.m */ = {isa = PBXFileReference; lastKnownFileType = sourcecode.c.objc; path = vn.m; sourceTree = "<group>"; };
		D26D52F12B27415D007D8074 /* libut.a */ = {isa = PBXFileReference; explicitFileType = archive.ar; includeInIndex = 0; path = libut.a; sourceTree = BUILT_PRODUCTS_DIR; };
		D26D52F32B27415E007D8074 /* ut.h */ = {isa = PBXFileReference; lastKnownFileType = sourcecode.c.h; path = ut.h; sourceTree = "<group>"; };
		D26D52F42B27415E007D8074 /* ut.m */ = {isa = PBXFileReference; lastKnownFileType = sourcecode.c.objc; path = ut.m; sourceTree = "<group>"; };
		D27864E22A0A29F400E64871 /* libmlc.a */ = {isa = PBXFileReference; explicitFileType = archive.ar; includeInIndex = 0; path = libmlc.a; sourceTree = BUILT_PRODUCTS_DIR; };
		D27864E42A0A29F400E64871 /* mlc.h */ = {isa = PBXFileReference; lastKnownFileType = sourcecode.c.h; path = mlc.h; sourceTree = "<group>"; };
		D27864E52A0A29F400E64871 /* mlc.m */ = {isa = PBXFileReference; lastKnownFileType = sourcecode.c.objc; path = mlc.m; sourceTree = "<group>"; };
		D27864EB2A0A2A8600E64871 /* MLCompute.framework */ = {isa = PBXFileReference; lastKnownFileType = wrapper.framework; name = MLCompute.framework; path = System/Library/Frameworks/MLCompute.framework; sourceTree = SDKROOT; };
		D2A52939283A1F5800E7B4C6 /* libca.a */ = {isa = PBXFileReference; explicitFileType = archive.ar; includeInIndex = 0; path = libca.a; sourceTree = BUILT_PRODUCTS_DIR; };
		D2A5293B283A1F5800E7B4C6 /* ca.h */ = {isa = PBXFileReference; lastKnownFileType = sourcecode.c.h; path = ca.h; sourceTree = "<group>"; };
		D2A5293C283A1F5800E7B4C6 /* ca.m */ = {isa = PBXFileReference; lastKnownFileType = sourcecode.c.objc; path = ca.m; sourceTree = "<group>"; };
		D2A52946283A1F6A00E7B4C6 /* libci.a */ = {isa = PBXFileReference; explicitFileType = archive.ar; includeInIndex = 0; path = libci.a; sourceTree = BUILT_PRODUCTS_DIR; };
		D2A52948283A1F6A00E7B4C6 /* ci.h */ = {isa = PBXFileReference; lastKnownFileType = sourcecode.c.h; path = ci.h; sourceTree = "<group>"; };
		D2A52949283A1F6A00E7B4C6 /* ci.m */ = {isa = PBXFileReference; lastKnownFileType = sourcecode.c.objc; path = ci.m; sourceTree = "<group>"; };
		D2A52950283A26B800E7B4C6 /* QuartzCore.framework */ = {isa = PBXFileReference; lastKnownFileType = wrapper.framework; name = QuartzCore.framework; path = System/Library/Frameworks/QuartzCore.framework; sourceTree = SDKROOT; };
		D2DC5D22295870DB007E2B9D /* libsn.a */ = {isa = PBXFileReference; explicitFileType = archive.ar; includeInIndex = 0; path = libsn.a; sourceTree = BUILT_PRODUCTS_DIR; };
		D2DC5D24295870DB007E2B9D /* sn.h */ = {isa = PBXFileReference; lastKnownFileType = sourcecode.c.h; path = sn.h; sourceTree = "<group>"; };
		D2DC5D25295870DB007E2B9D /* sn.m */ = {isa = PBXFileReference; lastKnownFileType = sourcecode.c.objc; path = sn.m; sourceTree = "<group>"; };
		D2DC5D34295B5064007E2B9D /* libmps.a */ = {isa = PBXFileReference; explicitFileType = archive.ar; includeInIndex = 0; path = libmps.a; sourceTree = BUILT_PRODUCTS_DIR; };
		D2DC5D36295B5064007E2B9D /* mps.h */ = {isa = PBXFileReference; lastKnownFileType = sourcecode.c.h; path = mps.h; sourceTree = "<group>"; };
		D2DC5D37295B5064007E2B9D /* mps.m */ = {isa = PBXFileReference; lastKnownFileType = sourcecode.c.objc; path = mps.m; sourceTree = "<group>"; };
		D2DC5D41295B506F007E2B9D /* libmpsg.a */ = {isa = PBXFileReference; explicitFileType = archive.ar; includeInIndex = 0; path = libmpsg.a; sourceTree = BUILT_PRODUCTS_DIR; };
		D2DC5D43295B506F007E2B9D /* mpsg.h */ = {isa = PBXFileReference; lastKnownFileType = sourcecode.c.h; path = mpsg.h; sourceTree = "<group>"; };
		D2DC5D44295B506F007E2B9D /* mpsg.m */ = {isa = PBXFileReference; lastKnownFileType = sourcecode.c.objc; path = mpsg.m; sourceTree = "<group>"; };
		D2FA4ADB2820227B001E2A51 /* libav.a */ = {isa = PBXFileReference; explicitFileType = archive.ar; includeInIndex = 0; path = libav.a; sourceTree = BUILT_PRODUCTS_DIR; };
		D2FA4ADD2820227B001E2A51 /* av.h */ = {isa = PBXFileReference; lastKnownFileType = sourcecode.c.h; path = av.h; sourceTree = "<group>"; };
		D2FA4ADE2820227B001E2A51 /* av.m */ = {isa = PBXFileReference; lastKnownFileType = sourcecode.c.objc; path = av.m; sourceTree = "<group>"; };
		D2FBEBF727CB653200FD974A /* libmtl.a */ = {isa = PBXFileReference; explicitFileType = archive.ar; includeInIndex = 0; path = libmtl.a; sourceTree = BUILT_PRODUCTS_DIR; };
		D2FBEBFA27CB653200FD974A /* mtl.h */ = {isa = PBXFileReference; lastKnownFileType = sourcecode.c.h; path = mtl.h; sourceTree = "<group>"; };
		D2FBEBFB27CB653200FD974A /* mtl.m */ = {isa = PBXFileReference; lastKnownFileType = sourcecode.c.objc; path = mtl.m; sourceTree = "<group>"; };
/* End PBXFileReference section */

/* Begin PBXFrameworksBuildPhase section */
		D20656AA283DCA2200048B17 /* Frameworks */ = {
			isa = PBXFrameworksBuildPhase;
			buildActionMask = 2147483647;
			files = (
			);
			runOnlyForDeploymentPostprocessing = 0;
		};
		D21A0FEE287738ED00AB7EF8 /* Frameworks */ = {
			isa = PBXFrameworksBuildPhase;
			buildActionMask = 2147483647;
			files = (
			);
			runOnlyForDeploymentPostprocessing = 0;
		};
		D21EFEF82B5911F500C86B08 /* Frameworks */ = {
			isa = PBXFrameworksBuildPhase;
			buildActionMask = 2147483647;
			files = (
			);
			runOnlyForDeploymentPostprocessing = 0;
		};
		D21EFF052B5A96FD00C86B08 /* Frameworks */ = {
			isa = PBXFrameworksBuildPhase;
			buildActionMask = 2147483647;
			files = (
			);
			runOnlyForDeploymentPostprocessing = 0;
		};
		D229469F2AF217A0004FAA52 /* Frameworks */ = {
			isa = PBXFrameworksBuildPhase;
			buildActionMask = 2147483647;
			files = (
			);
			runOnlyForDeploymentPostprocessing = 0;
		};
		D22946AC2AF22515004FAA52 /* Frameworks */ = {
			isa = PBXFrameworksBuildPhase;
			buildActionMask = 2147483647;
			files = (
			);
			runOnlyForDeploymentPostprocessing = 0;
		};
		D23E3BA12B4D3605006B1B9C /* Frameworks */ = {
			isa = PBXFrameworksBuildPhase;
			buildActionMask = 2147483647;
			files = (
			);
			runOnlyForDeploymentPostprocessing = 0;
		};
		D2520CF9280BFC4A00FD6562 /* Frameworks */ = {
			isa = PBXFrameworksBuildPhase;
			buildActionMask = 2147483647;
			files = (
			);
			runOnlyForDeploymentPostprocessing = 0;
		};
		D264D29B28F7E7CF002B1B14 /* Frameworks */ = {
			isa = PBXFrameworksBuildPhase;
			buildActionMask = 2147483647;
			files = (
			);
			runOnlyForDeploymentPostprocessing = 0;
		};
		D26D52EE2B27415D007D8074 /* Frameworks */ = {
			isa = PBXFrameworksBuildPhase;
			buildActionMask = 2147483647;
			files = (
			);
			runOnlyForDeploymentPostprocessing = 0;
		};
		D27864DF2A0A29F400E64871 /* Frameworks */ = {
			isa = PBXFrameworksBuildPhase;
			buildActionMask = 2147483647;
			files = (
				D27864ED2A0A2BBC00E64871 /* MLCompute.framework in Frameworks */,
			);
			runOnlyForDeploymentPostprocessing = 0;
		};
		D2A52936283A1F5800E7B4C6 /* Frameworks */ = {
			isa = PBXFrameworksBuildPhase;
			buildActionMask = 2147483647;
			files = (
			);
			runOnlyForDeploymentPostprocessing = 0;
		};
		D2A52943283A1F6A00E7B4C6 /* Frameworks */ = {
			isa = PBXFrameworksBuildPhase;
			buildActionMask = 2147483647;
			files = (
			);
			runOnlyForDeploymentPostprocessing = 0;
		};
		D2DC5D1F295870DB007E2B9D /* Frameworks */ = {
			isa = PBXFrameworksBuildPhase;
			buildActionMask = 2147483647;
			files = (
			);
			runOnlyForDeploymentPostprocessing = 0;
		};
		D2DC5D31295B5064007E2B9D /* Frameworks */ = {
			isa = PBXFrameworksBuildPhase;
			buildActionMask = 2147483647;
			files = (
			);
			runOnlyForDeploymentPostprocessing = 0;
		};
		D2DC5D3E295B506F007E2B9D /* Frameworks */ = {
			isa = PBXFrameworksBuildPhase;
			buildActionMask = 2147483647;
			files = (
			);
			runOnlyForDeploymentPostprocessing = 0;
		};
		D2FA4AD82820227B001E2A51 /* Frameworks */ = {
			isa = PBXFrameworksBuildPhase;
			buildActionMask = 2147483647;
			files = (
			);
			runOnlyForDeploymentPostprocessing = 0;
		};
		D2FBEBF427CB653200FD974A /* Frameworks */ = {
			isa = PBXFrameworksBuildPhase;
			buildActionMask = 2147483647;
			files = (
			);
			runOnlyForDeploymentPostprocessing = 0;
		};
/* End PBXFrameworksBuildPhase section */

/* Begin PBXGroup section */
		D20656AE283DCA2200048B17 /* ui */ = {
			isa = PBXGroup;
			children = (
				D20656AF283DCA2200048B17 /* ui.h */,
				D20656B0283DCA2200048B17 /* ui.m */,
			);
			path = ui;
			sourceTree = "<group>";
		};
		D21A0FF2287738ED00AB7EF8 /* ns */ = {
			isa = PBXGroup;
			children = (
				D21A0FF3287738ED00AB7EF8 /* ns.h */,
				D21A0FF4287738ED00AB7EF8 /* ns.m */,
			);
			path = ns;
			sourceTree = "<group>";
		};
		D21EFEFC2B5911F500C86B08 /* mc */ = {
			isa = PBXGroup;
			children = (
				D21EFEFD2B5911F500C86B08 /* mc.h */,
				D21EFEFE2B5911F500C86B08 /* mc.m */,
			);
			path = mc;
			sourceTree = "<group>";
		};
		D21EFF092B5A96FD00C86B08 /* core_motion */ = {
			isa = PBXGroup;
			children = (
				D21EFF0A2B5A96FD00C86B08 /* core_motion.h */,
				D21EFF0B2B5A96FD00C86B08 /* core_motion.m */,
			);
			path = core_motion;
			sourceTree = "<group>";
		};
		D22946A32AF217A0004FAA52 /* wk */ = {
			isa = PBXGroup;
			children = (
				D22946A42AF217A0004FAA52 /* wk.h */,
				D22946A52AF217A0004FAA52 /* wk.m */,
			);
			path = wk;
			sourceTree = "<group>";
		};
		D22946B02AF22516004FAA52 /* app */ = {
			isa = PBXGroup;
			children = (
				D22946B12AF22516004FAA52 /* app.h */,
				D22946B22AF22516004FAA52 /* app.m */,
			);
			path = app;
			sourceTree = "<group>";
		};
		D23E3BA52B4D3605006B1B9C /* gc */ = {
			isa = PBXGroup;
			children = (
				D23E3BA62B4D3605006B1B9C /* gc.h */,
				D23E3BA72B4D3605006B1B9C /* gc.m */,
			);
			path = gc;
			sourceTree = "<group>";
		};
		D2520CFD280BFC4A00FD6562 /* sc */ = {
			isa = PBXGroup;
			children = (
				D2520CFE280BFC4A00FD6562 /* sc.h */,
				D2520CFF280BFC4A00FD6562 /* sc.m */,
			);
			path = sc;
			sourceTree = "<group>";
		};
		D264D29F28F7E7CF002B1B14 /* vn */ = {
			isa = PBXGroup;
			children = (
				D264D2A028F7E7CF002B1B14 /* vn.h */,
				D264D2A128F7E7CF002B1B14 /* vn.m */,
			);
			path = vn;
			sourceTree = "<group>";
		};
		D26D52F22B27415E007D8074 /* ut */ = {
			isa = PBXGroup;
			children = (
				D26D52F32B27415E007D8074 /* ut.h */,
				D26D52F42B27415E007D8074 /* ut.m */,
			);
			path = ut;
			sourceTree = "<group>";
		};
		D27864E32A0A29F400E64871 /* mlc */ = {
			isa = PBXGroup;
			children = (
				D27864E42A0A29F400E64871 /* mlc.h */,
				D27864E52A0A29F400E64871 /* mlc.m */,
			);
			path = mlc;
			sourceTree = "<group>";
		};
		D2A5293A283A1F5800E7B4C6 /* ca */ = {
			isa = PBXGroup;
			children = (
				D2A5293B283A1F5800E7B4C6 /* ca.h */,
				D2A5293C283A1F5800E7B4C6 /* ca.m */,
			);
			path = ca;
			sourceTree = "<group>";
		};
		D2A52947283A1F6A00E7B4C6 /* ci */ = {
			isa = PBXGroup;
			children = (
				D2A52948283A1F6A00E7B4C6 /* ci.h */,
				D2A52949283A1F6A00E7B4C6 /* ci.m */,
			);
			path = ci;
			sourceTree = "<group>";
		};
		D2A5294F283A26B800E7B4C6 /* Frameworks */ = {
			isa = PBXGroup;
			children = (
				D27864EB2A0A2A8600E64871 /* MLCompute.framework */,
				D237F0B329327506005B7880 /* libsystem_blocks.tbd */,
				D237F0B1293274EF005B7880 /* CoreFoundation.framework */,
				D237F0AF293274C3005B7880 /* libSystem.B.tbd */,
				D237F0AD293274B2005B7880 /* libSystem.tbd */,
				D2A52950283A26B800E7B4C6 /* QuartzCore.framework */,
			);
			name = Frameworks;
			sourceTree = "<group>";
		};
		D2DC5D23295870DB007E2B9D /* sn */ = {
			isa = PBXGroup;
			children = (
				D2DC5D24295870DB007E2B9D /* sn.h */,
				D2DC5D25295870DB007E2B9D /* sn.m */,
			);
			path = sn;
			sourceTree = "<group>";
		};
		D2DC5D35295B5064007E2B9D /* mps */ = {
			isa = PBXGroup;
			children = (
				D2DC5D36295B5064007E2B9D /* mps.h */,
				D2DC5D37295B5064007E2B9D /* mps.m */,
			);
			path = mps;
			sourceTree = "<group>";
		};
		D2DC5D42295B506F007E2B9D /* mpsg */ = {
			isa = PBXGroup;
			children = (
				D2DC5D43295B506F007E2B9D /* mpsg.h */,
				D2DC5D44295B506F007E2B9D /* mpsg.m */,
			);
			path = mpsg;
			sourceTree = "<group>";
		};
		D2FA4ADC2820227B001E2A51 /* av */ = {
			isa = PBXGroup;
			children = (
				D2FA4ADD2820227B001E2A51 /* av.h */,
				D2FA4ADE2820227B001E2A51 /* av.m */,
			);
			path = av;
			sourceTree = "<group>";
		};
		D2FBEBEE27CB653200FD974A = {
			isa = PBXGroup;
			children = (
				D2520D05280C502500FD6562 /* macro.h */,
				D2FBEBF927CB653200FD974A /* mtl */,
				D2520CFD280BFC4A00FD6562 /* sc */,
				D2FA4ADC2820227B001E2A51 /* av */,
				D2A5293A283A1F5800E7B4C6 /* ca */,
				D2A52947283A1F6A00E7B4C6 /* ci */,
				D20656AE283DCA2200048B17 /* ui */,
				D21A0FF2287738ED00AB7EF8 /* ns */,
				D264D29F28F7E7CF002B1B14 /* vn */,
				D2DC5D23295870DB007E2B9D /* sn */,
				D2DC5D35295B5064007E2B9D /* mps */,
				D2DC5D42295B506F007E2B9D /* mpsg */,
				D27864E32A0A29F400E64871 /* mlc */,
				D22946A32AF217A0004FAA52 /* wk */,
				D22946B02AF22516004FAA52 /* app */,
				D26D52F22B27415E007D8074 /* ut */,
				D23E3BA52B4D3605006B1B9C /* gc */,
				D21EFEFC2B5911F500C86B08 /* mc */,
				D21EFF092B5A96FD00C86B08 /* core_motion */,
				D2FBEBF827CB653200FD974A /* Products */,
				D2A5294F283A26B800E7B4C6 /* Frameworks */,
			);
			sourceTree = "<group>";
		};
		D2FBEBF827CB653200FD974A /* Products */ = {
			isa = PBXGroup;
			children = (
				D2FBEBF727CB653200FD974A /* libmtl.a */,
				D2520CFC280BFC4A00FD6562 /* libsc.a */,
				D2FA4ADB2820227B001E2A51 /* libav.a */,
				D2A52939283A1F5800E7B4C6 /* libca.a */,
				D2A52946283A1F6A00E7B4C6 /* libci.a */,
				D20656AD283DCA2200048B17 /* libui.a */,
				D21A0FF1287738ED00AB7EF8 /* libns.a */,
				D264D29E28F7E7CF002B1B14 /* libvn.a */,
				D2DC5D22295870DB007E2B9D /* libsn.a */,
				D2DC5D34295B5064007E2B9D /* libmps.a */,
				D2DC5D41295B506F007E2B9D /* libmpsg.a */,
				D27864E22A0A29F400E64871 /* libmlc.a */,
				D22946A22AF217A0004FAA52 /* libwk.a */,
				D22946AF2AF22515004FAA52 /* libapp.a */,
				D26D52F12B27415D007D8074 /* libut.a */,
				D23E3BA42B4D3605006B1B9C /* libgc.a */,
				D21EFEFB2B5911F500C86B08 /* libmc.a */,
				D21EFF082B5A96FD00C86B08 /* libcore_motion.a */,
			);
			name = Products;
			sourceTree = "<group>";
		};
		D2FBEBF927CB653200FD974A /* mtl */ = {
			isa = PBXGroup;
			children = (
				D2FBEBFA27CB653200FD974A /* mtl.h */,
				D2FBEBFB27CB653200FD974A /* mtl.m */,
			);
			path = mtl;
			sourceTree = "<group>";
		};
/* End PBXGroup section */

/* Begin PBXNativeTarget section */
		D20656AC283DCA2200048B17 /* ui */ = {
			isa = PBXNativeTarget;
			buildConfigurationList = D20656B5283DCA2200048B17 /* Build configuration list for PBXNativeTarget "ui" */;
			buildPhases = (
				D20656A9283DCA2200048B17 /* Sources */,
				D20656AA283DCA2200048B17 /* Frameworks */,
				D20656AB283DCA2200048B17 /* CopyFiles */,
			);
			buildRules = (
			);
			dependencies = (
			);
			name = ui;
			productName = ui;
			productReference = D20656AD283DCA2200048B17 /* libui.a */;
			productType = "com.apple.product-type.library.static";
		};
		D21A0FF0287738ED00AB7EF8 /* ns */ = {
			isa = PBXNativeTarget;
			buildConfigurationList = D21A0FF9287738ED00AB7EF8 /* Build configuration list for PBXNativeTarget "ns" */;
			buildPhases = (
				D21A0FED287738ED00AB7EF8 /* Sources */,
				D21A0FEE287738ED00AB7EF8 /* Frameworks */,
				D21A0FEF287738ED00AB7EF8 /* CopyFiles */,
			);
			buildRules = (
			);
			dependencies = (
			);
			name = ns;
			productName = ns;
			productReference = D21A0FF1287738ED00AB7EF8 /* libns.a */;
			productType = "com.apple.product-type.library.static";
		};
		D21EFEFA2B5911F500C86B08 /* mc */ = {
			isa = PBXNativeTarget;
			buildConfigurationList = D21EFF032B5911F500C86B08 /* Build configuration list for PBXNativeTarget "mc" */;
			buildPhases = (
				D21EFEF72B5911F500C86B08 /* Sources */,
				D21EFEF82B5911F500C86B08 /* Frameworks */,
				D21EFEF92B5911F500C86B08 /* CopyFiles */,
			);
			buildRules = (
			);
			dependencies = (
			);
			name = mc;
			productName = mc;
			productReference = D21EFEFB2B5911F500C86B08 /* libmc.a */;
			productType = "com.apple.product-type.library.static";
		};
		D21EFF072B5A96FD00C86B08 /* core_motion */ = {
			isa = PBXNativeTarget;
			buildConfigurationList = D21EFF0E2B5A96FD00C86B08 /* Build configuration list for PBXNativeTarget "core_motion" */;
			buildPhases = (
				D21EFF042B5A96FD00C86B08 /* Sources */,
				D21EFF052B5A96FD00C86B08 /* Frameworks */,
				D21EFF062B5A96FD00C86B08 /* CopyFiles */,
			);
			buildRules = (
			);
			dependencies = (
			);
			name = core_motion;
			productName = core_motion;
			productReference = D21EFF082B5A96FD00C86B08 /* libcore_motion.a */;
			productType = "com.apple.product-type.library.static";
		};
		D22946A12AF217A0004FAA52 /* wk */ = {
			isa = PBXNativeTarget;
			buildConfigurationList = D22946AA2AF217A0004FAA52 /* Build configuration list for PBXNativeTarget "wk" */;
			buildPhases = (
				D229469E2AF217A0004FAA52 /* Sources */,
				D229469F2AF217A0004FAA52 /* Frameworks */,
				D22946A02AF217A0004FAA52 /* CopyFiles */,
			);
			buildRules = (
			);
			dependencies = (
			);
			name = wk;
			productName = wk;
			productReference = D22946A22AF217A0004FAA52 /* libwk.a */;
			productType = "com.apple.product-type.library.static";
		};
		D22946AE2AF22515004FAA52 /* app */ = {
			isa = PBXNativeTarget;
			buildConfigurationList = D22946B52AF22516004FAA52 /* Build configuration list for PBXNativeTarget "app" */;
			buildPhases = (
				D22946AB2AF22515004FAA52 /* Sources */,
				D22946AC2AF22515004FAA52 /* Frameworks */,
				D22946AD2AF22515004FAA52 /* CopyFiles */,
			);
			buildRules = (
			);
			dependencies = (
			);
			name = app;
			productName = app;
			productReference = D22946AF2AF22515004FAA52 /* libapp.a */;
			productType = "com.apple.product-type.library.static";
		};
		D23E3BA32B4D3605006B1B9C /* gc */ = {
			isa = PBXNativeTarget;
			buildConfigurationList = D23E3BAC2B4D3605006B1B9C /* Build configuration list for PBXNativeTarget "gc" */;
			buildPhases = (
				D23E3BA02B4D3605006B1B9C /* Sources */,
				D23E3BA12B4D3605006B1B9C /* Frameworks */,
				D23E3BA22B4D3605006B1B9C /* CopyFiles */,
			);
			buildRules = (
			);
			dependencies = (
			);
			name = gc;
			productName = gc;
			productReference = D23E3BA42B4D3605006B1B9C /* libgc.a */;
			productType = "com.apple.product-type.library.static";
		};
		D2520CFB280BFC4A00FD6562 /* sc */ = {
			isa = PBXNativeTarget;
			buildConfigurationList = D2520D04280BFC4A00FD6562 /* Build configuration list for PBXNativeTarget "sc" */;
			buildPhases = (
				D2520CF8280BFC4A00FD6562 /* Sources */,
				D2520CF9280BFC4A00FD6562 /* Frameworks */,
				D2520CFA280BFC4A00FD6562 /* CopyFiles */,
			);
			buildRules = (
			);
			dependencies = (
			);
			name = sc;
			productName = sc;
			productReference = D2520CFC280BFC4A00FD6562 /* libsc.a */;
			productType = "com.apple.product-type.library.static";
		};
		D264D29D28F7E7CF002B1B14 /* vn */ = {
			isa = PBXNativeTarget;
			buildConfigurationList = D264D2A428F7E7CF002B1B14 /* Build configuration list for PBXNativeTarget "vn" */;
			buildPhases = (
				D264D29A28F7E7CF002B1B14 /* Sources */,
				D264D29B28F7E7CF002B1B14 /* Frameworks */,
				D264D29C28F7E7CF002B1B14 /* CopyFiles */,
			);
			buildRules = (
			);
			dependencies = (
			);
			name = vn;
			productName = vn;
			productReference = D264D29E28F7E7CF002B1B14 /* libvn.a */;
			productType = "com.apple.product-type.library.static";
		};
		D26D52F02B27415D007D8074 /* ut */ = {
			isa = PBXNativeTarget;
			buildConfigurationList = D26D52F92B27415E007D8074 /* Build configuration list for PBXNativeTarget "ut" */;
			buildPhases = (
				D26D52ED2B27415D007D8074 /* Sources */,
				D26D52EE2B27415D007D8074 /* Frameworks */,
				D26D52EF2B27415D007D8074 /* CopyFiles */,
			);
			buildRules = (
			);
			dependencies = (
			);
			name = ut;
			productName = ut;
			productReference = D26D52F12B27415D007D8074 /* libut.a */;
			productType = "com.apple.product-type.library.static";
		};
		D27864E12A0A29F400E64871 /* mlc */ = {
			isa = PBXNativeTarget;
			buildConfigurationList = D27864E82A0A29F400E64871 /* Build configuration list for PBXNativeTarget "mlc" */;
			buildPhases = (
				D27864DE2A0A29F400E64871 /* Sources */,
				D27864DF2A0A29F400E64871 /* Frameworks */,
				D27864E02A0A29F400E64871 /* CopyFiles */,
			);
			buildRules = (
			);
			dependencies = (
			);
			name = mlc;
			productName = mlc;
			productReference = D27864E22A0A29F400E64871 /* libmlc.a */;
			productType = "com.apple.product-type.library.static";
		};
		D2A52938283A1F5800E7B4C6 /* ca */ = {
			isa = PBXNativeTarget;
			buildConfigurationList = D2A52941283A1F5800E7B4C6 /* Build configuration list for PBXNativeTarget "ca" */;
			buildPhases = (
				D2A52935283A1F5800E7B4C6 /* Sources */,
				D2A52936283A1F5800E7B4C6 /* Frameworks */,
				D2A52937283A1F5800E7B4C6 /* CopyFiles */,
			);
			buildRules = (
			);
			dependencies = (
			);
			name = ca;
			productName = ca;
			productReference = D2A52939283A1F5800E7B4C6 /* libca.a */;
			productType = "com.apple.product-type.library.static";
		};
		D2A52945283A1F6A00E7B4C6 /* ci */ = {
			isa = PBXNativeTarget;
			buildConfigurationList = D2A5294C283A1F6A00E7B4C6 /* Build configuration list for PBXNativeTarget "ci" */;
			buildPhases = (
				D2A52942283A1F6A00E7B4C6 /* Sources */,
				D2A52943283A1F6A00E7B4C6 /* Frameworks */,
				D2A52944283A1F6A00E7B4C6 /* CopyFiles */,
			);
			buildRules = (
			);
			dependencies = (
			);
			name = ci;
			productName = ci;
			productReference = D2A52946283A1F6A00E7B4C6 /* libci.a */;
			productType = "com.apple.product-type.library.static";
		};
		D2DC5D21295870DB007E2B9D /* sn */ = {
			isa = PBXNativeTarget;
			buildConfigurationList = D2DC5D2A295870DB007E2B9D /* Build configuration list for PBXNativeTarget "sn" */;
			buildPhases = (
				D2DC5D1E295870DB007E2B9D /* Sources */,
				D2DC5D1F295870DB007E2B9D /* Frameworks */,
				D2DC5D20295870DB007E2B9D /* CopyFiles */,
			);
			buildRules = (
			);
			dependencies = (
			);
			name = sn;
			productName = sn;
			productReference = D2DC5D22295870DB007E2B9D /* libsn.a */;
			productType = "com.apple.product-type.library.static";
		};
		D2DC5D33295B5064007E2B9D /* mps */ = {
			isa = PBXNativeTarget;
			buildConfigurationList = D2DC5D3A295B5064007E2B9D /* Build configuration list for PBXNativeTarget "mps" */;
			buildPhases = (
				D2DC5D30295B5064007E2B9D /* Sources */,
				D2DC5D31295B5064007E2B9D /* Frameworks */,
				D2DC5D32295B5064007E2B9D /* CopyFiles */,
			);
			buildRules = (
			);
			dependencies = (
			);
			name = mps;
			productName = mps;
			productReference = D2DC5D34295B5064007E2B9D /* libmps.a */;
			productType = "com.apple.product-type.library.static";
		};
		D2DC5D40295B506F007E2B9D /* mpsg */ = {
			isa = PBXNativeTarget;
			buildConfigurationList = D2DC5D47295B506F007E2B9D /* Build configuration list for PBXNativeTarget "mpsg" */;
			buildPhases = (
				D2DC5D3D295B506F007E2B9D /* Sources */,
				D2DC5D3E295B506F007E2B9D /* Frameworks */,
				D2DC5D3F295B506F007E2B9D /* CopyFiles */,
			);
			buildRules = (
			);
			dependencies = (
			);
			name = mpsg;
			productName = mpsg;
			productReference = D2DC5D41295B506F007E2B9D /* libmpsg.a */;
			productType = "com.apple.product-type.library.static";
		};
		D2FA4ADA2820227B001E2A51 /* av */ = {
			isa = PBXNativeTarget;
			buildConfigurationList = D2FA4AE32820227B001E2A51 /* Build configuration list for PBXNativeTarget "av" */;
			buildPhases = (
				D2FA4AD72820227B001E2A51 /* Sources */,
				D2FA4AD82820227B001E2A51 /* Frameworks */,
				D2FA4AD92820227B001E2A51 /* CopyFiles */,
			);
			buildRules = (
			);
			dependencies = (
			);
			name = av;
			productName = av;
			productReference = D2FA4ADB2820227B001E2A51 /* libav.a */;
			productType = "com.apple.product-type.library.static";
		};
		D2FBEBF627CB653200FD974A /* mtl */ = {
			isa = PBXNativeTarget;
			buildConfigurationList = D2FBEC0027CB653200FD974A /* Build configuration list for PBXNativeTarget "mtl" */;
			buildPhases = (
				D2FBEBF327CB653200FD974A /* Sources */,
				D2FBEBF427CB653200FD974A /* Frameworks */,
				D2FBEBF527CB653200FD974A /* CopyFiles */,
			);
			buildRules = (
			);
			dependencies = (
			);
			name = mtl;
			productName = mtl;
			productReference = D2FBEBF727CB653200FD974A /* libmtl.a */;
			productType = "com.apple.product-type.library.static";
		};
/* End PBXNativeTarget section */

/* Begin PBXProject section */
		D2FBEBEF27CB653200FD974A /* Project object */ = {
			isa = PBXProject;
			attributes = {
				BuildIndependentTargetsInParallel = 1;
				LastUpgradeCheck = 1510;
				TargetAttributes = {
					D20656AC283DCA2200048B17 = {
						CreatedOnToolsVersion = 13.4;
					};
					D21A0FF0287738ED00AB7EF8 = {
						CreatedOnToolsVersion = 14.0;
					};
					D21EFEFA2B5911F500C86B08 = {
						CreatedOnToolsVersion = 15.2;
					};
					D21EFF072B5A96FD00C86B08 = {
						CreatedOnToolsVersion = 15.2;
					};
					D22946A12AF217A0004FAA52 = {
						CreatedOnToolsVersion = 15.1;
					};
					D22946AE2AF22515004FAA52 = {
						CreatedOnToolsVersion = 15.1;
					};
					D23E3BA32B4D3605006B1B9C = {
						CreatedOnToolsVersion = 15.2;
					};
					D2520CFB280BFC4A00FD6562 = {
						CreatedOnToolsVersion = 13.3.1;
					};
					D264D29D28F7E7CF002B1B14 = {
						CreatedOnToolsVersion = 14.1;
					};
					D26D52F02B27415D007D8074 = {
						CreatedOnToolsVersion = 15.1;
					};
					D27864E12A0A29F400E64871 = {
						CreatedOnToolsVersion = 14.3;
					};
					D2A52938283A1F5800E7B4C6 = {
						CreatedOnToolsVersion = 13.4;
					};
					D2A52945283A1F6A00E7B4C6 = {
						CreatedOnToolsVersion = 13.4;
					};
					D2DC5D21295870DB007E2B9D = {
						CreatedOnToolsVersion = 14.2;
					};
					D2DC5D33295B5064007E2B9D = {
						CreatedOnToolsVersion = 14.2;
					};
					D2DC5D40295B506F007E2B9D = {
						CreatedOnToolsVersion = 14.2;
					};
					D2FA4ADA2820227B001E2A51 = {
						CreatedOnToolsVersion = 13.3.1;
					};
					D2FBEBF627CB653200FD974A = {
						CreatedOnToolsVersion = 13.3;
					};
				};
			};
			buildConfigurationList = D2FBEBF227CB653200FD974A /* Build configuration list for PBXProject "pomace" */;
			compatibilityVersion = "Xcode 13.0";
			developmentRegion = en;
			hasScannedForEncodings = 0;
			knownRegions = (
				en,
				Base,
			);
			mainGroup = D2FBEBEE27CB653200FD974A;
			productRefGroup = D2FBEBF827CB653200FD974A /* Products */;
			projectDirPath = "";
			projectRoot = "";
			targets = (
				D2FBEBF627CB653200FD974A /* mtl */,
				D2520CFB280BFC4A00FD6562 /* sc */,
				D2FA4ADA2820227B001E2A51 /* av */,
				D2A52938283A1F5800E7B4C6 /* ca */,
				D2A52945283A1F6A00E7B4C6 /* ci */,
				D20656AC283DCA2200048B17 /* ui */,
				D21A0FF0287738ED00AB7EF8 /* ns */,
				D264D29D28F7E7CF002B1B14 /* vn */,
				D2DC5D21295870DB007E2B9D /* sn */,
				D2DC5D33295B5064007E2B9D /* mps */,
				D2DC5D40295B506F007E2B9D /* mpsg */,
				D27864E12A0A29F400E64871 /* mlc */,
				D22946A12AF217A0004FAA52 /* wk */,
				D22946AE2AF22515004FAA52 /* app */,
				D26D52F02B27415D007D8074 /* ut */,
				D23E3BA32B4D3605006B1B9C /* gc */,
				D21EFEFA2B5911F500C86B08 /* mc */,
				D21EFF072B5A96FD00C86B08 /* core_motion */,
			);
		};
/* End PBXProject section */

/* Begin PBXSourcesBuildPhase section */
		D20656A9283DCA2200048B17 /* Sources */ = {
			isa = PBXSourcesBuildPhase;
			buildActionMask = 2147483647;
			files = (
				D20656B1283DCA2200048B17 /* ui.m in Sources */,
			);
			runOnlyForDeploymentPostprocessing = 0;
		};
		D21A0FED287738ED00AB7EF8 /* Sources */ = {
			isa = PBXSourcesBuildPhase;
			buildActionMask = 2147483647;
			files = (
				D21A0FF5287738ED00AB7EF8 /* ns.m in Sources */,
			);
			runOnlyForDeploymentPostprocessing = 0;
		};
		D21EFEF72B5911F500C86B08 /* Sources */ = {
			isa = PBXSourcesBuildPhase;
			buildActionMask = 2147483647;
			files = (
				D21EFEFF2B5911F500C86B08 /* mc.m in Sources */,
			);
			runOnlyForDeploymentPostprocessing = 0;
		};
		D21EFF042B5A96FD00C86B08 /* Sources */ = {
			isa = PBXSourcesBuildPhase;
			buildActionMask = 2147483647;
			files = (
				D21EFF0C2B5A96FD00C86B08 /* core_motion.m in Sources */,
			);
			runOnlyForDeploymentPostprocessing = 0;
		};
		D229469E2AF217A0004FAA52 /* Sources */ = {
			isa = PBXSourcesBuildPhase;
			buildActionMask = 2147483647;
			files = (
				D22946A62AF217A0004FAA52 /* wk.m in Sources */,
			);
			runOnlyForDeploymentPostprocessing = 0;
		};
		D22946AB2AF22515004FAA52 /* Sources */ = {
			isa = PBXSourcesBuildPhase;
			buildActionMask = 2147483647;
			files = (
				D22946B32AF22516004FAA52 /* app.m in Sources */,
			);
			runOnlyForDeploymentPostprocessing = 0;
		};
		D23E3BA02B4D3605006B1B9C /* Sources */ = {
			isa = PBXSourcesBuildPhase;
			buildActionMask = 2147483647;
			files = (
				D23E3BA82B4D3605006B1B9C /* gc.m in Sources */,
			);
			runOnlyForDeploymentPostprocessing = 0;
		};
		D2520CF8280BFC4A00FD6562 /* Sources */ = {
			isa = PBXSourcesBuildPhase;
			buildActionMask = 2147483647;
			files = (
				D2520D00280BFC4A00FD6562 /* sc.m in Sources */,
			);
			runOnlyForDeploymentPostprocessing = 0;
		};
		D264D29A28F7E7CF002B1B14 /* Sources */ = {
			isa = PBXSourcesBuildPhase;
			buildActionMask = 2147483647;
			files = (
				D264D2A228F7E7CF002B1B14 /* vn.m in Sources */,
			);
			runOnlyForDeploymentPostprocessing = 0;
		};
		D26D52ED2B27415D007D8074 /* Sources */ = {
			isa = PBXSourcesBuildPhase;
			buildActionMask = 2147483647;
			files = (
				D26D52F52B27415E007D8074 /* ut.m in Sources */,
			);
			runOnlyForDeploymentPostprocessing = 0;
		};
		D27864DE2A0A29F400E64871 /* Sources */ = {
			isa = PBXSourcesBuildPhase;
			buildActionMask = 2147483647;
			files = (
				D27864E62A0A29F400E64871 /* mlc.m in Sources */,
			);
			runOnlyForDeploymentPostprocessing = 0;
		};
		D2A52935283A1F5800E7B4C6 /* Sources */ = {
			isa = PBXSourcesBuildPhase;
			buildActionMask = 2147483647;
			files = (
				D2A5293D283A1F5800E7B4C6 /* ca.m in Sources */,
			);
			runOnlyForDeploymentPostprocessing = 0;
		};
		D2A52942283A1F6A00E7B4C6 /* Sources */ = {
			isa = PBXSourcesBuildPhase;
			buildActionMask = 2147483647;
			files = (
				D2A5294A283A1F6A00E7B4C6 /* ci.m in Sources */,
			);
			runOnlyForDeploymentPostprocessing = 0;
		};
		D2DC5D1E295870DB007E2B9D /* Sources */ = {
			isa = PBXSourcesBuildPhase;
			buildActionMask = 2147483647;
			files = (
				D2DC5D26295870DB007E2B9D /* sn.m in Sources */,
			);
			runOnlyForDeploymentPostprocessing = 0;
		};
		D2DC5D30295B5064007E2B9D /* Sources */ = {
			isa = PBXSourcesBuildPhase;
			buildActionMask = 2147483647;
			files = (
				D2DC5D38295B5064007E2B9D /* mps.m in Sources */,
			);
			runOnlyForDeploymentPostprocessing = 0;
		};
		D2DC5D3D295B506F007E2B9D /* Sources */ = {
			isa = PBXSourcesBuildPhase;
			buildActionMask = 2147483647;
			files = (
				D2DC5D45295B506F007E2B9D /* mpsg.m in Sources */,
			);
			runOnlyForDeploymentPostprocessing = 0;
		};
		D2FA4AD72820227B001E2A51 /* Sources */ = {
			isa = PBXSourcesBuildPhase;
			buildActionMask = 2147483647;
			files = (
				D2FA4ADF2820227B001E2A51 /* av.m in Sources */,
			);
			runOnlyForDeploymentPostprocessing = 0;
		};
		D2FBEBF327CB653200FD974A /* Sources */ = {
			isa = PBXSourcesBuildPhase;
			buildActionMask = 2147483647;
			files = (
				D2FBEBFC27CB653200FD974A /* mtl.m in Sources */,
			);
			runOnlyForDeploymentPostprocessing = 0;
		};
/* End PBXSourcesBuildPhase section */

/* Begin XCBuildConfiguration section */
		D20656B3283DCA2200048B17 /* Debug */ = {
			isa = XCBuildConfiguration;
			buildSettings = {
				CODE_SIGN_STYLE = Automatic;
				DEVELOPMENT_TEAM = FD6ZML48V9;
				IPHONEOS_DEPLOYMENT_TARGET = 15.5;
				OTHER_LDFLAGS = "-ObjC";
				PRODUCT_NAME = "$(TARGET_NAME)";
				SDKROOT = iphoneos;
				SKIP_INSTALL = YES;
				TARGETED_DEVICE_FAMILY = "1,2";
			};
			name = Debug;
		};
		D20656B4283DCA2200048B17 /* Release */ = {
			isa = XCBuildConfiguration;
			buildSettings = {
				CODE_SIGN_STYLE = Automatic;
				DEVELOPMENT_TEAM = FD6ZML48V9;
				IPHONEOS_DEPLOYMENT_TARGET = 15.5;
				OTHER_LDFLAGS = "-ObjC";
				PRODUCT_NAME = "$(TARGET_NAME)";
				SDKROOT = iphoneos;
				SKIP_INSTALL = YES;
				TARGETED_DEVICE_FAMILY = "1,2";
			};
			name = Release;
		};
		D21A0FF7287738ED00AB7EF8 /* Debug */ = {
			isa = XCBuildConfiguration;
			buildSettings = {
				CODE_SIGN_STYLE = Automatic;
				DEVELOPMENT_TEAM = FD6ZML48V9;
				OTHER_LDFLAGS = "-ObjC";
				PRODUCT_NAME = "$(TARGET_NAME)";
				SDKROOT = iphoneos;
				SKIP_INSTALL = YES;
				TARGETED_DEVICE_FAMILY = "1,2";
			};
			name = Debug;
		};
		D21A0FF8287738ED00AB7EF8 /* Release */ = {
			isa = XCBuildConfiguration;
			buildSettings = {
				CODE_SIGN_STYLE = Automatic;
				DEVELOPMENT_TEAM = FD6ZML48V9;
				OTHER_LDFLAGS = "-ObjC";
				PRODUCT_NAME = "$(TARGET_NAME)";
				SDKROOT = iphoneos;
				SKIP_INSTALL = YES;
				TARGETED_DEVICE_FAMILY = "1,2";
			};
			name = Release;
		};
		D21EFF012B5911F500C86B08 /* Debug */ = {
			isa = XCBuildConfiguration;
			buildSettings = {
				ASSETCATALOG_COMPILER_GENERATE_SWIFT_ASSET_SYMBOL_EXTENSIONS = YES;
				CLANG_CXX_LANGUAGE_STANDARD = "gnu++20";
				CODE_SIGN_STYLE = Automatic;
				DEVELOPMENT_TEAM = L6Y3NHBXC6;
				ENABLE_USER_SCRIPT_SANDBOXING = YES;
				GCC_C_LANGUAGE_STANDARD = gnu17;
				IPHONEOS_DEPLOYMENT_TARGET = 17.2;
				LOCALIZATION_PREFERS_STRING_CATALOGS = YES;
				OTHER_LDFLAGS = "-ObjC";
				PRODUCT_NAME = "$(TARGET_NAME)";
				SDKROOT = iphoneos;
				SKIP_INSTALL = YES;
				TARGETED_DEVICE_FAMILY = "1,2";
			};
			name = Debug;
		};
		D21EFF022B5911F500C86B08 /* Release */ = {
			isa = XCBuildConfiguration;
			buildSettings = {
				ASSETCATALOG_COMPILER_GENERATE_SWIFT_ASSET_SYMBOL_EXTENSIONS = YES;
				CLANG_CXX_LANGUAGE_STANDARD = "gnu++20";
				CODE_SIGN_STYLE = Automatic;
				DEVELOPMENT_TEAM = L6Y3NHBXC6;
				ENABLE_USER_SCRIPT_SANDBOXING = YES;
				GCC_C_LANGUAGE_STANDARD = gnu17;
				IPHONEOS_DEPLOYMENT_TARGET = 17.2;
				LOCALIZATION_PREFERS_STRING_CATALOGS = YES;
				OTHER_LDFLAGS = "-ObjC";
				PRODUCT_NAME = "$(TARGET_NAME)";
				SDKROOT = iphoneos;
				SKIP_INSTALL = YES;
				TARGETED_DEVICE_FAMILY = "1,2";
			};
			name = Release;
		};
		D21EFF0F2B5A96FD00C86B08 /* Debug */ = {
			isa = XCBuildConfiguration;
			buildSettings = {
				ASSETCATALOG_COMPILER_GENERATE_SWIFT_ASSET_SYMBOL_EXTENSIONS = YES;
				CLANG_CXX_LANGUAGE_STANDARD = "gnu++20";
				CODE_SIGN_STYLE = Automatic;
				DEVELOPMENT_TEAM = L6Y3NHBXC6;
				ENABLE_USER_SCRIPT_SANDBOXING = YES;
				GCC_C_LANGUAGE_STANDARD = gnu17;
				IPHONEOS_DEPLOYMENT_TARGET = 17.2;
				LOCALIZATION_PREFERS_STRING_CATALOGS = YES;
				OTHER_LDFLAGS = "-ObjC";
				PRODUCT_NAME = "$(TARGET_NAME)";
				SDKROOT = iphoneos;
				SKIP_INSTALL = YES;
				TARGETED_DEVICE_FAMILY = "1,2";
			};
			name = Debug;
		};
		D21EFF102B5A96FD00C86B08 /* Release */ = {
			isa = XCBuildConfiguration;
			buildSettings = {
				ASSETCATALOG_COMPILER_GENERATE_SWIFT_ASSET_SYMBOL_EXTENSIONS = YES;
				CLANG_CXX_LANGUAGE_STANDARD = "gnu++20";
				CODE_SIGN_STYLE = Automatic;
				DEVELOPMENT_TEAM = L6Y3NHBXC6;
				ENABLE_USER_SCRIPT_SANDBOXING = YES;
				GCC_C_LANGUAGE_STANDARD = gnu17;
				IPHONEOS_DEPLOYMENT_TARGET = 17.2;
				LOCALIZATION_PREFERS_STRING_CATALOGS = YES;
				OTHER_LDFLAGS = "-ObjC";
				PRODUCT_NAME = "$(TARGET_NAME)";
				SDKROOT = iphoneos;
				SKIP_INSTALL = YES;
				TARGETED_DEVICE_FAMILY = "1,2";
			};
			name = Release;
		};
		D22946A82AF217A0004FAA52 /* Debug */ = {
			isa = XCBuildConfiguration;
			buildSettings = {
				ASSETCATALOG_COMPILER_GENERATE_SWIFT_ASSET_SYMBOL_EXTENSIONS = YES;
				CLANG_CXX_LANGUAGE_STANDARD = "gnu++20";
				CODE_SIGN_STYLE = Automatic;
				DEVELOPMENT_TEAM = L6Y3NHBXC6;
				ENABLE_USER_SCRIPT_SANDBOXING = YES;
				GCC_C_LANGUAGE_STANDARD = gnu17;
				IPHONEOS_DEPLOYMENT_TARGET = 17.2;
				LOCALIZATION_PREFERS_STRING_CATALOGS = YES;
				OTHER_LDFLAGS = "-ObjC";
				PRODUCT_NAME = "$(TARGET_NAME)";
				SDKROOT = iphoneos;
				SKIP_INSTALL = YES;
				TARGETED_DEVICE_FAMILY = "1,2";
			};
			name = Debug;
		};
		D22946A92AF217A0004FAA52 /* Release */ = {
			isa = XCBuildConfiguration;
			buildSettings = {
				ASSETCATALOG_COMPILER_GENERATE_SWIFT_ASSET_SYMBOL_EXTENSIONS = YES;
				CLANG_CXX_LANGUAGE_STANDARD = "gnu++20";
				CODE_SIGN_STYLE = Automatic;
				DEVELOPMENT_TEAM = L6Y3NHBXC6;
				ENABLE_USER_SCRIPT_SANDBOXING = YES;
				GCC_C_LANGUAGE_STANDARD = gnu17;
				IPHONEOS_DEPLOYMENT_TARGET = 17.2;
				LOCALIZATION_PREFERS_STRING_CATALOGS = YES;
				OTHER_LDFLAGS = "-ObjC";
				PRODUCT_NAME = "$(TARGET_NAME)";
				SDKROOT = iphoneos;
				SKIP_INSTALL = YES;
				TARGETED_DEVICE_FAMILY = "1,2";
			};
			name = Release;
		};
		D22946B62AF22516004FAA52 /* Debug */ = {
			isa = XCBuildConfiguration;
			buildSettings = {
				ASSETCATALOG_COMPILER_GENERATE_SWIFT_ASSET_SYMBOL_EXTENSIONS = YES;
				CLANG_CXX_LANGUAGE_STANDARD = "gnu++20";
				CODE_SIGN_STYLE = Automatic;
				DEVELOPMENT_TEAM = L6Y3NHBXC6;
				ENABLE_USER_SCRIPT_SANDBOXING = YES;
				GCC_C_LANGUAGE_STANDARD = gnu17;
				IPHONEOS_DEPLOYMENT_TARGET = 17.2;
				LOCALIZATION_PREFERS_STRING_CATALOGS = YES;
				OTHER_LDFLAGS = "-ObjC";
				PRODUCT_NAME = "$(TARGET_NAME)";
				SDKROOT = iphoneos;
				SKIP_INSTALL = YES;
				TARGETED_DEVICE_FAMILY = "1,2";
			};
			name = Debug;
		};
		D22946B72AF22516004FAA52 /* Release */ = {
			isa = XCBuildConfiguration;
			buildSettings = {
				ASSETCATALOG_COMPILER_GENERATE_SWIFT_ASSET_SYMBOL_EXTENSIONS = YES;
				CLANG_CXX_LANGUAGE_STANDARD = "gnu++20";
				CODE_SIGN_STYLE = Automatic;
				DEVELOPMENT_TEAM = L6Y3NHBXC6;
				ENABLE_USER_SCRIPT_SANDBOXING = YES;
				GCC_C_LANGUAGE_STANDARD = gnu17;
				IPHONEOS_DEPLOYMENT_TARGET = 17.2;
				LOCALIZATION_PREFERS_STRING_CATALOGS = YES;
				OTHER_LDFLAGS = "-ObjC";
				PRODUCT_NAME = "$(TARGET_NAME)";
				SDKROOT = iphoneos;
				SKIP_INSTALL = YES;
				TARGETED_DEVICE_FAMILY = "1,2";
			};
			name = Release;
		};
		D23E3BAA2B4D3605006B1B9C /* Debug */ = {
			isa = XCBuildConfiguration;
			buildSettings = {
				ASSETCATALOG_COMPILER_GENERATE_SWIFT_ASSET_SYMBOL_EXTENSIONS = YES;
				CLANG_CXX_LANGUAGE_STANDARD = "gnu++20";
				CODE_SIGN_STYLE = Automatic;
				DEVELOPMENT_TEAM = L6Y3NHBXC6;
				ENABLE_USER_SCRIPT_SANDBOXING = YES;
				GCC_C_LANGUAGE_STANDARD = gnu17;
				IPHONEOS_DEPLOYMENT_TARGET = 17.2;
				LOCALIZATION_PREFERS_STRING_CATALOGS = YES;
				OTHER_LDFLAGS = "-ObjC";
				PRODUCT_NAME = "$(TARGET_NAME)";
				SDKROOT = iphoneos;
				SKIP_INSTALL = YES;
				TARGETED_DEVICE_FAMILY = "1,2";
			};
			name = Debug;
		};
		D23E3BAB2B4D3605006B1B9C /* Release */ = {
			isa = XCBuildConfiguration;
			buildSettings = {
				ASSETCATALOG_COMPILER_GENERATE_SWIFT_ASSET_SYMBOL_EXTENSIONS = YES;
				CLANG_CXX_LANGUAGE_STANDARD = "gnu++20";
				CODE_SIGN_STYLE = Automatic;
				DEVELOPMENT_TEAM = L6Y3NHBXC6;
				ENABLE_USER_SCRIPT_SANDBOXING = YES;
				GCC_C_LANGUAGE_STANDARD = gnu17;
				IPHONEOS_DEPLOYMENT_TARGET = 17.2;
				LOCALIZATION_PREFERS_STRING_CATALOGS = YES;
				OTHER_LDFLAGS = "-ObjC";
				PRODUCT_NAME = "$(TARGET_NAME)";
				SDKROOT = iphoneos;
				SKIP_INSTALL = YES;
				TARGETED_DEVICE_FAMILY = "1,2";
			};
			name = Release;
		};
		D2520D02280BFC4A00FD6562 /* Debug */ = {
			isa = XCBuildConfiguration;
			buildSettings = {
				CODE_SIGN_STYLE = Automatic;
				DEAD_CODE_STRIPPING = YES;
				DEVELOPMENT_TEAM = FD6ZML48V9;
				LIBRARY_SEARCH_PATHS = (
					"$(inherited)",
					"$(SDKROOT)/usr/lib/system",
				);
				MACOSX_DEPLOYMENT_TARGET = 13.0;
				OTHER_LDFLAGS = "-ObjC";
				PRODUCT_NAME = "$(TARGET_NAME)";
				SKIP_INSTALL = YES;
				TARGETED_DEVICE_FAMILY = "1,2";
			};
			name = Debug;
		};
		D2520D03280BFC4A00FD6562 /* Release */ = {
			isa = XCBuildConfiguration;
			buildSettings = {
				CODE_SIGN_STYLE = Automatic;
				DEAD_CODE_STRIPPING = YES;
				DEVELOPMENT_TEAM = FD6ZML48V9;
				LIBRARY_SEARCH_PATHS = (
					"$(inherited)",
					"$(SDKROOT)/usr/lib/system",
				);
				MACOSX_DEPLOYMENT_TARGET = 13.0;
				OTHER_LDFLAGS = "-ObjC";
				PRODUCT_NAME = "$(TARGET_NAME)";
				SKIP_INSTALL = YES;
				TARGETED_DEVICE_FAMILY = "1,2";
			};
			name = Release;
		};
		D264D2A528F7E7CF002B1B14 /* Debug */ = {
			isa = XCBuildConfiguration;
			buildSettings = {
				CODE_SIGN_STYLE = Automatic;
				DEVELOPMENT_TEAM = FD6ZML48V9;
				OTHER_LDFLAGS = "-ObjC";
				PRODUCT_NAME = "$(TARGET_NAME)";
				SDKROOT = iphoneos;
				SKIP_INSTALL = YES;
				TARGETED_DEVICE_FAMILY = "1,2";
			};
			name = Debug;
		};
		D264D2A628F7E7CF002B1B14 /* Release */ = {
			isa = XCBuildConfiguration;
			buildSettings = {
				CODE_SIGN_STYLE = Automatic;
				DEVELOPMENT_TEAM = FD6ZML48V9;
				OTHER_LDFLAGS = "-ObjC";
				PRODUCT_NAME = "$(TARGET_NAME)";
				SDKROOT = iphoneos;
				SKIP_INSTALL = YES;
				TARGETED_DEVICE_FAMILY = "1,2";
			};
			name = Release;
		};
		D26D52F72B27415E007D8074 /* Debug */ = {
			isa = XCBuildConfiguration;
			buildSettings = {
				ASSETCATALOG_COMPILER_GENERATE_SWIFT_ASSET_SYMBOL_EXTENSIONS = YES;
				CLANG_CXX_LANGUAGE_STANDARD = "gnu++20";
				CODE_SIGN_STYLE = Automatic;
				DEVELOPMENT_TEAM = L6Y3NHBXC6;
				ENABLE_USER_SCRIPT_SANDBOXING = YES;
				GCC_C_LANGUAGE_STANDARD = gnu17;
				IPHONEOS_DEPLOYMENT_TARGET = 17.2;
				LOCALIZATION_PREFERS_STRING_CATALOGS = YES;
				OTHER_LDFLAGS = "-ObjC";
				PRODUCT_NAME = "$(TARGET_NAME)";
				SDKROOT = iphoneos;
				SKIP_INSTALL = YES;
				TARGETED_DEVICE_FAMILY = "1,2";
			};
			name = Debug;
		};
		D26D52F82B27415E007D8074 /* Release */ = {
			isa = XCBuildConfiguration;
			buildSettings = {
				ASSETCATALOG_COMPILER_GENERATE_SWIFT_ASSET_SYMBOL_EXTENSIONS = YES;
				CLANG_CXX_LANGUAGE_STANDARD = "gnu++20";
				CODE_SIGN_STYLE = Automatic;
				DEVELOPMENT_TEAM = L6Y3NHBXC6;
				ENABLE_USER_SCRIPT_SANDBOXING = YES;
				GCC_C_LANGUAGE_STANDARD = gnu17;
				IPHONEOS_DEPLOYMENT_TARGET = 17.2;
				LOCALIZATION_PREFERS_STRING_CATALOGS = YES;
				OTHER_LDFLAGS = "-ObjC";
				PRODUCT_NAME = "$(TARGET_NAME)";
				SDKROOT = iphoneos;
				SKIP_INSTALL = YES;
				TARGETED_DEVICE_FAMILY = "1,2";
			};
			name = Release;
		};
		D27864E92A0A29F400E64871 /* Debug */ = {
			isa = XCBuildConfiguration;
			buildSettings = {
				CLANG_CXX_LANGUAGE_STANDARD = "gnu++20";
				CODE_SIGN_STYLE = Automatic;
				IPHONEOS_DEPLOYMENT_TARGET = 16.4;
				OTHER_LDFLAGS = "-ObjC";
				PRODUCT_NAME = "$(TARGET_NAME)";
				SDKROOT = iphoneos;
				SKIP_INSTALL = YES;
				TARGETED_DEVICE_FAMILY = "1,2";
			};
			name = Debug;
		};
		D27864EA2A0A29F400E64871 /* Release */ = {
			isa = XCBuildConfiguration;
			buildSettings = {
				CLANG_CXX_LANGUAGE_STANDARD = "gnu++20";
				CODE_SIGN_STYLE = Automatic;
				IPHONEOS_DEPLOYMENT_TARGET = 16.4;
				OTHER_LDFLAGS = "-ObjC";
				PRODUCT_NAME = "$(TARGET_NAME)";
				SDKROOT = iphoneos;
				SKIP_INSTALL = YES;
				TARGETED_DEVICE_FAMILY = "1,2";
			};
			name = Release;
		};
		D2A5293F283A1F5800E7B4C6 /* Debug */ = {
			isa = XCBuildConfiguration;
			buildSettings = {
				CODE_SIGN_STYLE = Automatic;
				DEVELOPMENT_TEAM = FD6ZML48V9;
				OTHER_LDFLAGS = "-ObjC";
				PRODUCT_NAME = "$(TARGET_NAME)";
				SDKROOT = iphoneos;
				SKIP_INSTALL = YES;
				TARGETED_DEVICE_FAMILY = "1,2";
			};
			name = Debug;
		};
		D2A52940283A1F5800E7B4C6 /* Release */ = {
			isa = XCBuildConfiguration;
			buildSettings = {
				CODE_SIGN_STYLE = Automatic;
				DEVELOPMENT_TEAM = FD6ZML48V9;
				OTHER_LDFLAGS = "-ObjC";
				PRODUCT_NAME = "$(TARGET_NAME)";
				SDKROOT = iphoneos;
				SKIP_INSTALL = YES;
				TARGETED_DEVICE_FAMILY = "1,2";
			};
			name = Release;
		};
		D2A5294D283A1F6A00E7B4C6 /* Debug */ = {
			isa = XCBuildConfiguration;
			buildSettings = {
				CODE_SIGN_STYLE = Automatic;
				DEVELOPMENT_TEAM = FD6ZML48V9;
				OTHER_LDFLAGS = "-ObjC";
				PRODUCT_NAME = "$(TARGET_NAME)";
				SDKROOT = iphoneos;
				SKIP_INSTALL = YES;
				TARGETED_DEVICE_FAMILY = "1,2";
			};
			name = Debug;
		};
		D2A5294E283A1F6A00E7B4C6 /* Release */ = {
			isa = XCBuildConfiguration;
			buildSettings = {
				CODE_SIGN_STYLE = Automatic;
				DEVELOPMENT_TEAM = FD6ZML48V9;
				OTHER_LDFLAGS = "-ObjC";
				PRODUCT_NAME = "$(TARGET_NAME)";
				SDKROOT = iphoneos;
				SKIP_INSTALL = YES;
				TARGETED_DEVICE_FAMILY = "1,2";
			};
			name = Release;
		};
		D2DC5D28295870DB007E2B9D /* Debug */ = {
			isa = XCBuildConfiguration;
			buildSettings = {
				CLANG_CXX_LANGUAGE_STANDARD = "gnu++20";
				CODE_SIGN_STYLE = Automatic;
				DEVELOPMENT_TEAM = FD6ZML48V9;
				IPHONEOS_DEPLOYMENT_TARGET = 16.2;
				OTHER_LDFLAGS = "-ObjC";
				PRODUCT_NAME = "$(TARGET_NAME)";
				SDKROOT = iphoneos;
				SKIP_INSTALL = YES;
				TARGETED_DEVICE_FAMILY = "1,2";
			};
			name = Debug;
		};
		D2DC5D29295870DB007E2B9D /* Release */ = {
			isa = XCBuildConfiguration;
			buildSettings = {
				CLANG_CXX_LANGUAGE_STANDARD = "gnu++20";
				CODE_SIGN_STYLE = Automatic;
				DEVELOPMENT_TEAM = FD6ZML48V9;
				IPHONEOS_DEPLOYMENT_TARGET = 16.2;
				OTHER_LDFLAGS = "-ObjC";
				PRODUCT_NAME = "$(TARGET_NAME)";
				SDKROOT = iphoneos;
				SKIP_INSTALL = YES;
				TARGETED_DEVICE_FAMILY = "1,2";
			};
			name = Release;
		};
		D2DC5D3B295B5064007E2B9D /* Debug */ = {
			isa = XCBuildConfiguration;
			buildSettings = {
				CLANG_CXX_LANGUAGE_STANDARD = "gnu++20";
				CODE_SIGN_STYLE = Automatic;
				DEVELOPMENT_TEAM = FD6ZML48V9;
				IPHONEOS_DEPLOYMENT_TARGET = 16.2;
				OTHER_LDFLAGS = "-ObjC";
				PRODUCT_NAME = "$(TARGET_NAME)";
				SDKROOT = iphoneos;
				SKIP_INSTALL = YES;
				TARGETED_DEVICE_FAMILY = "1,2";
			};
			name = Debug;
		};
		D2DC5D3C295B5064007E2B9D /* Release */ = {
			isa = XCBuildConfiguration;
			buildSettings = {
				CLANG_CXX_LANGUAGE_STANDARD = "gnu++20";
				CODE_SIGN_STYLE = Automatic;
				DEVELOPMENT_TEAM = FD6ZML48V9;
				IPHONEOS_DEPLOYMENT_TARGET = 16.2;
				OTHER_LDFLAGS = "-ObjC";
				PRODUCT_NAME = "$(TARGET_NAME)";
				SDKROOT = iphoneos;
				SKIP_INSTALL = YES;
				TARGETED_DEVICE_FAMILY = "1,2";
			};
			name = Release;
		};
		D2DC5D48295B506F007E2B9D /* Debug */ = {
			isa = XCBuildConfiguration;
			buildSettings = {
				CLANG_CXX_LANGUAGE_STANDARD = "gnu++20";
				CODE_SIGN_STYLE = Automatic;
				DEVELOPMENT_TEAM = FD6ZML48V9;
				IPHONEOS_DEPLOYMENT_TARGET = 16.2;
				OTHER_LDFLAGS = "-ObjC";
				PRODUCT_NAME = "$(TARGET_NAME)";
				SDKROOT = iphoneos;
				SKIP_INSTALL = YES;
				TARGETED_DEVICE_FAMILY = "1,2";
			};
			name = Debug;
		};
		D2DC5D49295B506F007E2B9D /* Release */ = {
			isa = XCBuildConfiguration;
			buildSettings = {
				CLANG_CXX_LANGUAGE_STANDARD = "gnu++20";
				CODE_SIGN_STYLE = Automatic;
				DEVELOPMENT_TEAM = FD6ZML48V9;
				IPHONEOS_DEPLOYMENT_TARGET = 16.2;
				OTHER_LDFLAGS = "-ObjC";
				PRODUCT_NAME = "$(TARGET_NAME)";
				SDKROOT = iphoneos;
				SKIP_INSTALL = YES;
				TARGETED_DEVICE_FAMILY = "1,2";
			};
			name = Release;
		};
		D2FA4AE12820227B001E2A51 /* Debug */ = {
			isa = XCBuildConfiguration;
			buildSettings = {
				CODE_SIGN_STYLE = Automatic;
				DEVELOPMENT_TEAM = FD6ZML48V9;
				IPHONEOS_DEPLOYMENT_TARGET = 17.0;
				OTHER_LDFLAGS = "-ObjC";
				PRODUCT_NAME = "$(TARGET_NAME)";
				SDKROOT = iphoneos;
				SKIP_INSTALL = YES;
				TARGETED_DEVICE_FAMILY = "1,2";
			};
			name = Debug;
		};
		D2FA4AE22820227B001E2A51 /* Release */ = {
			isa = XCBuildConfiguration;
			buildSettings = {
				CODE_SIGN_STYLE = Automatic;
				DEVELOPMENT_TEAM = FD6ZML48V9;
				IPHONEOS_DEPLOYMENT_TARGET = 17.0;
				OTHER_LDFLAGS = "-ObjC";
				PRODUCT_NAME = "$(TARGET_NAME)";
				SDKROOT = iphoneos;
				SKIP_INSTALL = YES;
				TARGETED_DEVICE_FAMILY = "1,2";
			};
			name = Release;
		};
		D2FBEBFE27CB653200FD974A /* Debug */ = {
			isa = XCBuildConfiguration;
			buildSettings = {
				ALWAYS_SEARCH_USER_PATHS = NO;
				CLANG_ANALYZER_NONNULL = YES;
				CLANG_ANALYZER_NUMBER_OBJECT_CONVERSION = YES_AGGRESSIVE;
				CLANG_CXX_LANGUAGE_STANDARD = "gnu++17";
				CLANG_ENABLE_MODULES = YES;
				CLANG_ENABLE_OBJC_ARC = YES;
				CLANG_ENABLE_OBJC_WEAK = YES;
				CLANG_WARN_BLOCK_CAPTURE_AUTORELEASING = YES;
				CLANG_WARN_BOOL_CONVERSION = YES;
				CLANG_WARN_COMMA = YES;
				CLANG_WARN_CONSTANT_CONVERSION = YES;
				CLANG_WARN_DEPRECATED_OBJC_IMPLEMENTATIONS = YES;
				CLANG_WARN_DIRECT_OBJC_ISA_USAGE = YES_ERROR;
				CLANG_WARN_DOCUMENTATION_COMMENTS = YES;
				CLANG_WARN_EMPTY_BODY = YES;
				CLANG_WARN_ENUM_CONVERSION = YES;
				CLANG_WARN_INFINITE_RECURSION = YES;
				CLANG_WARN_INT_CONVERSION = YES;
				CLANG_WARN_NON_LITERAL_NULL_CONVERSION = YES;
				CLANG_WARN_OBJC_IMPLICIT_RETAIN_SELF = YES;
				CLANG_WARN_OBJC_LITERAL_CONVERSION = YES;
				CLANG_WARN_OBJC_ROOT_CLASS = YES_ERROR;
				CLANG_WARN_QUOTED_INCLUDE_IN_FRAMEWORK_HEADER = YES;
				CLANG_WARN_RANGE_LOOP_ANALYSIS = YES;
				CLANG_WARN_STRICT_PROTOTYPES = YES;
				CLANG_WARN_SUSPICIOUS_MOVE = YES;
				CLANG_WARN_UNGUARDED_AVAILABILITY = YES_AGGRESSIVE;
				CLANG_WARN_UNREACHABLE_CODE = YES;
				CLANG_WARN__DUPLICATE_METHOD_MATCH = YES;
				COPY_PHASE_STRIP = NO;
				DEAD_CODE_STRIPPING = YES;
				DEBUG_INFORMATION_FORMAT = dwarf;
				ENABLE_STRICT_OBJC_MSGSEND = YES;
				ENABLE_TESTABILITY = YES;
				GCC_C_LANGUAGE_STANDARD = gnu11;
				GCC_DYNAMIC_NO_PIC = NO;
				GCC_NO_COMMON_BLOCKS = YES;
				GCC_OPTIMIZATION_LEVEL = 0;
				GCC_PREPROCESSOR_DEFINITIONS = (
					"DEBUG=1",
					"$(inherited)",
				);
				GCC_WARN_64_TO_32_BIT_CONVERSION = YES;
				GCC_WARN_ABOUT_RETURN_TYPE = YES_ERROR;
				GCC_WARN_UNDECLARED_SELECTOR = YES;
				GCC_WARN_UNINITIALIZED_AUTOS = YES_AGGRESSIVE;
				GCC_WARN_UNUSED_FUNCTION = YES;
				GCC_WARN_UNUSED_VARIABLE = YES;
				IPHONEOS_DEPLOYMENT_TARGET = 15.0;
				MACOSX_DEPLOYMENT_TARGET = 12.0;
				MTL_ENABLE_DEBUG_INFO = INCLUDE_SOURCE;
				MTL_FAST_MATH = YES;
				ONLY_ACTIVE_ARCH = YES;
				SDKROOT = macosx;
			};
			name = Debug;
		};
		D2FBEBFF27CB653200FD974A /* Release */ = {
			isa = XCBuildConfiguration;
			buildSettings = {
				ALWAYS_SEARCH_USER_PATHS = NO;
				CLANG_ANALYZER_NONNULL = YES;
				CLANG_ANALYZER_NUMBER_OBJECT_CONVERSION = YES_AGGRESSIVE;
				CLANG_CXX_LANGUAGE_STANDARD = "gnu++17";
				CLANG_ENABLE_MODULES = YES;
				CLANG_ENABLE_OBJC_ARC = YES;
				CLANG_ENABLE_OBJC_WEAK = YES;
				CLANG_WARN_BLOCK_CAPTURE_AUTORELEASING = YES;
				CLANG_WARN_BOOL_CONVERSION = YES;
				CLANG_WARN_COMMA = YES;
				CLANG_WARN_CONSTANT_CONVERSION = YES;
				CLANG_WARN_DEPRECATED_OBJC_IMPLEMENTATIONS = YES;
				CLANG_WARN_DIRECT_OBJC_ISA_USAGE = YES_ERROR;
				CLANG_WARN_DOCUMENTATION_COMMENTS = YES;
				CLANG_WARN_EMPTY_BODY = YES;
				CLANG_WARN_ENUM_CONVERSION = YES;
				CLANG_WARN_INFINITE_RECURSION = YES;
				CLANG_WARN_INT_CONVERSION = YES;
				CLANG_WARN_NON_LITERAL_NULL_CONVERSION = YES;
				CLANG_WARN_OBJC_IMPLICIT_RETAIN_SELF = YES;
				CLANG_WARN_OBJC_LITERAL_CONVERSION = YES;
				CLANG_WARN_OBJC_ROOT_CLASS = YES_ERROR;
				CLANG_WARN_QUOTED_INCLUDE_IN_FRAMEWORK_HEADER = YES;
				CLANG_WARN_RANGE_LOOP_ANALYSIS = YES;
				CLANG_WARN_STRICT_PROTOTYPES = YES;
				CLANG_WARN_SUSPICIOUS_MOVE = YES;
				CLANG_WARN_UNGUARDED_AVAILABILITY = YES_AGGRESSIVE;
				CLANG_WARN_UNREACHABLE_CODE = YES;
				CLANG_WARN__DUPLICATE_METHOD_MATCH = YES;
				COPY_PHASE_STRIP = NO;
				DEAD_CODE_STRIPPING = YES;
				DEBUG_INFORMATION_FORMAT = "dwarf-with-dsym";
				ENABLE_NS_ASSERTIONS = NO;
				ENABLE_STRICT_OBJC_MSGSEND = YES;
				GCC_C_LANGUAGE_STANDARD = gnu11;
				GCC_NO_COMMON_BLOCKS = YES;
				GCC_WARN_64_TO_32_BIT_CONVERSION = YES;
				GCC_WARN_ABOUT_RETURN_TYPE = YES_ERROR;
				GCC_WARN_UNDECLARED_SELECTOR = YES;
				GCC_WARN_UNINITIALIZED_AUTOS = YES_AGGRESSIVE;
				GCC_WARN_UNUSED_FUNCTION = YES;
				GCC_WARN_UNUSED_VARIABLE = YES;
				IPHONEOS_DEPLOYMENT_TARGET = 15.0;
				MACOSX_DEPLOYMENT_TARGET = 12.0;
				MTL_ENABLE_DEBUG_INFO = NO;
				MTL_FAST_MATH = YES;
				SDKROOT = macosx;
				VALIDATE_PRODUCT = YES;
			};
			name = Release;
		};
		D2FBEC0127CB653200FD974A /* Debug */ = {
			isa = XCBuildConfiguration;
			buildSettings = {
				CODE_SIGN_STYLE = Automatic;
				DEVELOPMENT_TEAM = FD6ZML48V9;
				OTHER_LDFLAGS = "-ObjC";
				PRODUCT_NAME = "$(TARGET_NAME)";
				SDKROOT = iphoneos;
				SKIP_INSTALL = YES;
				TARGETED_DEVICE_FAMILY = "1,2";
			};
			name = Debug;
		};
		D2FBEC0227CB653200FD974A /* Release */ = {
			isa = XCBuildConfiguration;
			buildSettings = {
				CODE_SIGN_STYLE = Automatic;
				DEVELOPMENT_TEAM = FD6ZML48V9;
				OTHER_LDFLAGS = "-ObjC";
				PRODUCT_NAME = "$(TARGET_NAME)";
				SDKROOT = iphoneos;
				SKIP_INSTALL = YES;
				TARGETED_DEVICE_FAMILY = "1,2";
			};
			name = Release;
		};
/* End XCBuildConfiguration section */

/* Begin XCConfigurationList section */
		D20656B5283DCA2200048B17 /* Build configuration list for PBXNativeTarget "ui" */ = {
			isa = XCConfigurationList;
			buildConfigurations = (
				D20656B3283DCA2200048B17 /* Debug */,
				D20656B4283DCA2200048B17 /* Release */,
			);
			defaultConfigurationIsVisible = 0;
			defaultConfigurationName = Release;
		};
		D21A0FF9287738ED00AB7EF8 /* Build configuration list for PBXNativeTarget "ns" */ = {
			isa = XCConfigurationList;
			buildConfigurations = (
				D21A0FF7287738ED00AB7EF8 /* Debug */,
				D21A0FF8287738ED00AB7EF8 /* Release */,
			);
			defaultConfigurationIsVisible = 0;
			defaultConfigurationName = Release;
		};
		D21EFF032B5911F500C86B08 /* Build configuration list for PBXNativeTarget "mc" */ = {
			isa = XCConfigurationList;
			buildConfigurations = (
				D21EFF012B5911F500C86B08 /* Debug */,
				D21EFF022B5911F500C86B08 /* Release */,
			);
			defaultConfigurationIsVisible = 0;
			defaultConfigurationName = Release;
		};
		D21EFF0E2B5A96FD00C86B08 /* Build configuration list for PBXNativeTarget "core_motion" */ = {
			isa = XCConfigurationList;
			buildConfigurations = (
				D21EFF0F2B5A96FD00C86B08 /* Debug */,
				D21EFF102B5A96FD00C86B08 /* Release */,
			);
			defaultConfigurationIsVisible = 0;
			defaultConfigurationName = Release;
		};
		D22946AA2AF217A0004FAA52 /* Build configuration list for PBXNativeTarget "wk" */ = {
			isa = XCConfigurationList;
			buildConfigurations = (
				D22946A82AF217A0004FAA52 /* Debug */,
				D22946A92AF217A0004FAA52 /* Release */,
			);
			defaultConfigurationIsVisible = 0;
			defaultConfigurationName = Release;
		};
		D22946B52AF22516004FAA52 /* Build configuration list for PBXNativeTarget "app" */ = {
			isa = XCConfigurationList;
			buildConfigurations = (
				D22946B62AF22516004FAA52 /* Debug */,
				D22946B72AF22516004FAA52 /* Release */,
			);
			defaultConfigurationIsVisible = 0;
			defaultConfigurationName = Release;
		};
		D23E3BAC2B4D3605006B1B9C /* Build configuration list for PBXNativeTarget "gc" */ = {
			isa = XCConfigurationList;
			buildConfigurations = (
				D23E3BAA2B4D3605006B1B9C /* Debug */,
				D23E3BAB2B4D3605006B1B9C /* Release */,
			);
			defaultConfigurationIsVisible = 0;
			defaultConfigurationName = Release;
		};
		D2520D04280BFC4A00FD6562 /* Build configuration list for PBXNativeTarget "sc" */ = {
			isa = XCConfigurationList;
			buildConfigurations = (
				D2520D02280BFC4A00FD6562 /* Debug */,
				D2520D03280BFC4A00FD6562 /* Release */,
			);
			defaultConfigurationIsVisible = 0;
			defaultConfigurationName = Release;
		};
		D264D2A428F7E7CF002B1B14 /* Build configuration list for PBXNativeTarget "vn" */ = {
			isa = XCConfigurationList;
			buildConfigurations = (
				D264D2A528F7E7CF002B1B14 /* Debug */,
				D264D2A628F7E7CF002B1B14 /* Release */,
			);
			defaultConfigurationIsVisible = 0;
			defaultConfigurationName = Release;
		};
		D26D52F92B27415E007D8074 /* Build configuration list for PBXNativeTarget "ut" */ = {
			isa = XCConfigurationList;
			buildConfigurations = (
				D26D52F72B27415E007D8074 /* Debug */,
				D26D52F82B27415E007D8074 /* Release */,
			);
			defaultConfigurationIsVisible = 0;
			defaultConfigurationName = Release;
		};
		D27864E82A0A29F400E64871 /* Build configuration list for PBXNativeTarget "mlc" */ = {
			isa = XCConfigurationList;
			buildConfigurations = (
				D27864E92A0A29F400E64871 /* Debug */,
				D27864EA2A0A29F400E64871 /* Release */,
			);
			defaultConfigurationIsVisible = 0;
			defaultConfigurationName = Release;
		};
		D2A52941283A1F5800E7B4C6 /* Build configuration list for PBXNativeTarget "ca" */ = {
			isa = XCConfigurationList;
			buildConfigurations = (
				D2A5293F283A1F5800E7B4C6 /* Debug */,
				D2A52940283A1F5800E7B4C6 /* Release */,
			);
			defaultConfigurationIsVisible = 0;
			defaultConfigurationName = Release;
		};
		D2A5294C283A1F6A00E7B4C6 /* Build configuration list for PBXNativeTarget "ci" */ = {
			isa = XCConfigurationList;
			buildConfigurations = (
				D2A5294D283A1F6A00E7B4C6 /* Debug */,
				D2A5294E283A1F6A00E7B4C6 /* Release */,
			);
			defaultConfigurationIsVisible = 0;
			defaultConfigurationName = Release;
		};
		D2DC5D2A295870DB007E2B9D /* Build configuration list for PBXNativeTarget "sn" */ = {
			isa = XCConfigurationList;
			buildConfigurations = (
				D2DC5D28295870DB007E2B9D /* Debug */,
				D2DC5D29295870DB007E2B9D /* Release */,
			);
			defaultConfigurationIsVisible = 0;
			defaultConfigurationName = Release;
		};
		D2DC5D3A295B5064007E2B9D /* Build configuration list for PBXNativeTarget "mps" */ = {
			isa = XCConfigurationList;
			buildConfigurations = (
				D2DC5D3B295B5064007E2B9D /* Debug */,
				D2DC5D3C295B5064007E2B9D /* Release */,
			);
			defaultConfigurationIsVisible = 0;
			defaultConfigurationName = Release;
		};
		D2DC5D47295B506F007E2B9D /* Build configuration list for PBXNativeTarget "mpsg" */ = {
			isa = XCConfigurationList;
			buildConfigurations = (
				D2DC5D48295B506F007E2B9D /* Debug */,
				D2DC5D49295B506F007E2B9D /* Release */,
			);
			defaultConfigurationIsVisible = 0;
			defaultConfigurationName = Release;
		};
		D2FA4AE32820227B001E2A51 /* Build configuration list for PBXNativeTarget "av" */ = {
			isa = XCConfigurationList;
			buildConfigurations = (
				D2FA4AE12820227B001E2A51 /* Debug */,
				D2FA4AE22820227B001E2A51 /* Release */,
			);
			defaultConfigurationIsVisible = 0;
			defaultConfigurationName = Release;
		};
		D2FBEBF227CB653200FD974A /* Build configuration list for PBXProject "pomace" */ = {
			isa = XCConfigurationList;
			buildConfigurations = (
				D2FBEBFE27CB653200FD974A /* Debug */,
				D2FBEBFF27CB653200FD974A /* Release */,
			);
			defaultConfigurationIsVisible = 0;
			defaultConfigurationName = Release;
		};
		D2FBEC0027CB653200FD974A /* Build configuration list for PBXNativeTarget "mtl" */ = {
			isa = XCConfigurationList;
			buildConfigurations = (
				D2FBEC0127CB653200FD974A /* Debug */,
				D2FBEC0227CB653200FD974A /* Release */,
			);
			defaultConfigurationIsVisible = 0;
			defaultConfigurationName = Release;
		};
/* End XCConfigurationList section */
	};
	rootObject = D2FBEBEF27CB653200FD974A /* Project object */;
}
